// !$*UTF8*$!
{
	archiveVersion = 1;
	classes = {
	};
	objectVersion = 46;
	objects = {

/* Begin PBXBuildFile section */
		8415DE291D582DE60046E456 /* CoreLibrary.framework in Frameworks */ = {isa = PBXBuildFile; fileRef = 8415DE281D582DB00046E456 /* CoreLibrary.framework */; };
		8415DE2A1D582DE60046E456 /* CoreLibrary.framework in Embed Frameworks */ = {isa = PBXBuildFile; fileRef = 8415DE281D582DB00046E456 /* CoreLibrary.framework */; settings = {ATTRIBUTES = (CodeSignOnCopy, RemoveHeadersOnCopy, ); }; };
		A9612EAD1C42A7D2001164E2 /* VideoApplication.xcdatamodeld in Sources */ = {isa = PBXBuildFile; fileRef = A9612EAB1C42A7D2001164E2 /* VideoApplication.xcdatamodeld */; };
		A9612EC31C42A7D2001164E2 /* VideoApplicationTests.swift in Sources */ = {isa = PBXBuildFile; fileRef = A9612EC21C42A7D2001164E2 /* VideoApplicationTests.swift */; };
		A9612F6C1C42A86C001164E2 /* AppDelegate.swift in Sources */ = {isa = PBXBuildFile; fileRef = A9612ED81C42A86C001164E2 /* AppDelegate.swift */; };
		A9612F6D1C42A86C001164E2 /* kr-video-player-point@2x.png in Resources */ = {isa = PBXBuildFile; fileRef = A9612EDB1C42A86C001164E2 /* kr-video-player-point@2x.png */; };
		A9612F6E1C42A86C001164E2 /* kr-video-player-point@3x.png in Resources */ = {isa = PBXBuildFile; fileRef = A9612EDC1C42A86C001164E2 /* kr-video-player-point@3x.png */; };
		A9612F6F1C42A86C001164E2 /* VKVideoPlayer_close.png in Resources */ = {isa = PBXBuildFile; fileRef = A9612EDD1C42A86C001164E2 /* VKVideoPlayer_close.png */; };
		A9612F701C42A86C001164E2 /* VKVideoPlayer_close@2x.png in Resources */ = {isa = PBXBuildFile; fileRef = A9612EDE1C42A86C001164E2 /* VKVideoPlayer_close@2x.png */; };
		A9612F711C42A86C001164E2 /* VKVideoPlayer_cross.png in Resources */ = {isa = PBXBuildFile; fileRef = A9612EDF1C42A86C001164E2 /* VKVideoPlayer_cross.png */; };
		A9612F721C42A86C001164E2 /* VKVideoPlayer_cross@2x.png in Resources */ = {isa = PBXBuildFile; fileRef = A9612EE01C42A86C001164E2 /* VKVideoPlayer_cross@2x.png */; };
		A9612F731C42A86C001164E2 /* VKVideoPlayer_next.png in Resources */ = {isa = PBXBuildFile; fileRef = A9612EE11C42A86C001164E2 /* VKVideoPlayer_next.png */; };
		A9612F741C42A86C001164E2 /* VKVideoPlayer_next@2x.png in Resources */ = {isa = PBXBuildFile; fileRef = A9612EE21C42A86C001164E2 /* VKVideoPlayer_next@2x.png */; };
		A9612F751C42A86C001164E2 /* VKVideoPlayer_pause.png in Resources */ = {isa = PBXBuildFile; fileRef = A9612EE31C42A86C001164E2 /* VKVideoPlayer_pause.png */; };
		A9612F761C42A86C001164E2 /* VKVideoPlayer_pause@2x.png in Resources */ = {isa = PBXBuildFile; fileRef = A9612EE41C42A86C001164E2 /* VKVideoPlayer_pause@2x.png */; };
		A9612F771C42A86C001164E2 /* VKVideoPlayer_pause_big.png in Resources */ = {isa = PBXBuildFile; fileRef = A9612EE51C42A86C001164E2 /* VKVideoPlayer_pause_big.png */; };
		A9612F781C42A86C001164E2 /* VKVideoPlayer_pause_big@2x.png in Resources */ = {isa = PBXBuildFile; fileRef = A9612EE61C42A86C001164E2 /* VKVideoPlayer_pause_big@2x.png */; };
		A9612F791C42A86C001164E2 /* VKVideoPlayer_play.png in Resources */ = {isa = PBXBuildFile; fileRef = A9612EE71C42A86C001164E2 /* VKVideoPlayer_play.png */; };
		A9612F7A1C42A86C001164E2 /* VKVideoPlayer_play@2x.png in Resources */ = {isa = PBXBuildFile; fileRef = A9612EE81C42A86C001164E2 /* VKVideoPlayer_play@2x.png */; };
		A9612F7B1C42A86C001164E2 /* VKVideoPlayer_play_big.png in Resources */ = {isa = PBXBuildFile; fileRef = A9612EE91C42A86C001164E2 /* VKVideoPlayer_play_big.png */; };
		A9612F7C1C42A86C001164E2 /* VKVideoPlayer_play_big@2x.png in Resources */ = {isa = PBXBuildFile; fileRef = A9612EEA1C42A86C001164E2 /* VKVideoPlayer_play_big@2x.png */; };
		A9612F7D1C42A86C001164E2 /* VKVideoPlayer_rewind.png in Resources */ = {isa = PBXBuildFile; fileRef = A9612EEB1C42A86C001164E2 /* VKVideoPlayer_rewind.png */; };
		A9612F7E1C42A86C001164E2 /* VKVideoPlayer_rewind@2x.png in Resources */ = {isa = PBXBuildFile; fileRef = A9612EEC1C42A86C001164E2 /* VKVideoPlayer_rewind@2x.png */; };
		A9612F7F1C42A86C001164E2 /* VKVideoPlayer_zoom_in.png in Resources */ = {isa = PBXBuildFile; fileRef = A9612EED1C42A86C001164E2 /* VKVideoPlayer_zoom_in.png */; };
		A9612F801C42A86C001164E2 /* VKVideoPlayer_zoom_in@2x.png in Resources */ = {isa = PBXBuildFile; fileRef = A9612EEE1C42A86C001164E2 /* VKVideoPlayer_zoom_in@2x.png */; };
		A9612F811C42A86C001164E2 /* VKVideoPlayer_zoom_out.png in Resources */ = {isa = PBXBuildFile; fileRef = A9612EEF1C42A86C001164E2 /* VKVideoPlayer_zoom_out.png */; };
		A9612F821C42A86C001164E2 /* VKVideoPlayer_zoom_out@2x.png in Resources */ = {isa = PBXBuildFile; fileRef = A9612EF01C42A86C001164E2 /* VKVideoPlayer_zoom_out@2x.png */; };
		A9612FD01C42A86C001164E2 /* VideoView.swift in Sources */ = {isa = PBXBuildFile; fileRef = A9612F611C42A86C001164E2 /* VideoView.swift */; };
		A9612FD11C42A86C001164E2 /* PlayerView.m in Sources */ = {isa = PBXBuildFile; fileRef = A9612F641C42A86C001164E2 /* PlayerView.m */; };
		A9612FD21C42A86C001164E2 /* ZXCustomControlView.m in Sources */ = {isa = PBXBuildFile; fileRef = A9612F661C42A86C001164E2 /* ZXCustomControlView.m */; };
		A9612FD31C42A86C001164E2 /* ZXCustomControlView.xib in Resources */ = {isa = PBXBuildFile; fileRef = A9612F671C42A86C001164E2 /* ZXCustomControlView.xib */; };
		A9612FD41C42A86C001164E2 /* ZXVideoPlayerViewController.m in Sources */ = {isa = PBXBuildFile; fileRef = A9612F691C42A86C001164E2 /* ZXVideoPlayerViewController.m */; };
		A9612FD51C42A86C001164E2 /* ZXVideoView.m in Sources */ = {isa = PBXBuildFile; fileRef = A9612F6B1C42A86C001164E2 /* ZXVideoView.m */; };
		A9612FD71C42A8B5001164E2 /* VideoViewController.swift in Sources */ = {isa = PBXBuildFile; fileRef = A9612FD61C42A8B5001164E2 /* VideoViewController.swift */; };
		A9D3A08A1C54F88400C0B4EA /* ViewController.swift in Sources */ = {isa = PBXBuildFile; fileRef = A9D3A0891C54F88400C0B4EA /* ViewController.swift */; };
/* End PBXBuildFile section */

/* Begin PBXContainerItemProxy section */
		8415DE271D582DB00046E456 /* PBXContainerItemProxy */ = {
			isa = PBXContainerItemProxy;
			containerPortal = 8415DE231D582DB00046E456 /* CoreLibrary.xcodeproj */;
			proxyType = 2;
			remoteGlobalIDString = 8437DD981D534D7D00623EAA;
			remoteInfo = CoreLibrary;
		};
		8415DE2B1D582DE60046E456 /* PBXContainerItemProxy */ = {
			isa = PBXContainerItemProxy;
			containerPortal = 8415DE231D582DB00046E456 /* CoreLibrary.xcodeproj */;
			proxyType = 1;
			remoteGlobalIDString = 8437DD971D534D7D00623EAA;
			remoteInfo = CoreLibrary;
		};
		A9612EBD1C42A7D2001164E2 /* PBXContainerItemProxy */ = {
			isa = PBXContainerItemProxy;
			containerPortal = A9612E9C1C42A7D2001164E2 /* Project object */;
			proxyType = 1;
			remoteGlobalIDString = A9612EA31C42A7D2001164E2;
			remoteInfo = VideoApplication;
		};
/* End PBXContainerItemProxy section */

/* Begin PBXCopyFilesBuildPhase section */
		8415DE2D1D582DE70046E456 /* Embed Frameworks */ = {
			isa = PBXCopyFilesBuildPhase;
			buildActionMask = 2147483647;
			dstPath = "";
			dstSubfolderSpec = 10;
			files = (
				8415DE2A1D582DE60046E456 /* CoreLibrary.framework in Embed Frameworks */,
			);
			name = "Embed Frameworks";
			runOnlyForDeploymentPostprocessing = 0;
		};
/* End PBXCopyFilesBuildPhase section */

/* Begin PBXFileReference section */
		8415DE231D582DB00046E456 /* CoreLibrary.xcodeproj */ = {isa = PBXFileReference; lastKnownFileType = "wrapper.pb-project"; name = CoreLibrary.xcodeproj; path = ../../CoreLibraryDevelop/CoreLibrary.xcodeproj; sourceTree = "<group>"; };
		A9612EA41C42A7D2001164E2 /* VideoApplication.app */ = {isa = PBXFileReference; explicitFileType = wrapper.application; includeInIndex = 0; path = VideoApplication.app; sourceTree = BUILT_PRODUCTS_DIR; };
		A9612EA81C42A7D2001164E2 /* Info.plist */ = {isa = PBXFileReference; lastKnownFileType = text.plist.xml; path = Info.plist; sourceTree = "<group>"; };
		A9612EAC1C42A7D2001164E2 /* VideoApplication.xcdatamodel */ = {isa = PBXFileReference; lastKnownFileType = wrapper.xcdatamodel; path = VideoApplication.xcdatamodel; sourceTree = "<group>"; };
		A9612EBC1C42A7D2001164E2 /* VideoApplicationTests.xctest */ = {isa = PBXFileReference; explicitFileType = wrapper.cfbundle; includeInIndex = 0; path = VideoApplicationTests.xctest; sourceTree = BUILT_PRODUCTS_DIR; };
		A9612EC11C42A7D2001164E2 /* Info.plist */ = {isa = PBXFileReference; lastKnownFileType = text.plist.xml; path = Info.plist; sourceTree = "<group>"; };
		A9612EC21C42A7D2001164E2 /* VideoApplicationTests.swift */ = {isa = PBXFileReference; lastKnownFileType = sourcecode.swift; path = VideoApplicationTests.swift; sourceTree = "<group>"; };
		A9612ECC1C42A824001164E2 /* VideoApplication-Bridging-Header.h */ = {isa = PBXFileReference; lastKnownFileType = sourcecode.c.h; path = "VideoApplication-Bridging-Header.h"; sourceTree = "<group>"; };
		A9612ED81C42A86C001164E2 /* AppDelegate.swift */ = {isa = PBXFileReference; fileEncoding = 4; lastKnownFileType = sourcecode.swift; path = AppDelegate.swift; sourceTree = "<group>"; };
		A9612EDB1C42A86C001164E2 /* kr-video-player-point@2x.png */ = {isa = PBXFileReference; lastKnownFileType = image.png; path = "kr-video-player-point@2x.png"; sourceTree = "<group>"; };
		A9612EDC1C42A86C001164E2 /* kr-video-player-point@3x.png */ = {isa = PBXFileReference; lastKnownFileType = image.png; path = "kr-video-player-point@3x.png"; sourceTree = "<group>"; };
		A9612EDD1C42A86C001164E2 /* VKVideoPlayer_close.png */ = {isa = PBXFileReference; lastKnownFileType = image.png; path = VKVideoPlayer_close.png; sourceTree = "<group>"; };
		A9612EDE1C42A86C001164E2 /* VKVideoPlayer_close@2x.png */ = {isa = PBXFileReference; lastKnownFileType = image.png; path = "VKVideoPlayer_close@2x.png"; sourceTree = "<group>"; };
		A9612EDF1C42A86C001164E2 /* VKVideoPlayer_cross.png */ = {isa = PBXFileReference; lastKnownFileType = image.png; path = VKVideoPlayer_cross.png; sourceTree = "<group>"; };
		A9612EE01C42A86C001164E2 /* VKVideoPlayer_cross@2x.png */ = {isa = PBXFileReference; lastKnownFileType = image.png; path = "VKVideoPlayer_cross@2x.png"; sourceTree = "<group>"; };
		A9612EE11C42A86C001164E2 /* VKVideoPlayer_next.png */ = {isa = PBXFileReference; lastKnownFileType = image.png; path = VKVideoPlayer_next.png; sourceTree = "<group>"; };
		A9612EE21C42A86C001164E2 /* VKVideoPlayer_next@2x.png */ = {isa = PBXFileReference; lastKnownFileType = image.png; path = "VKVideoPlayer_next@2x.png"; sourceTree = "<group>"; };
		A9612EE31C42A86C001164E2 /* VKVideoPlayer_pause.png */ = {isa = PBXFileReference; lastKnownFileType = image.png; path = VKVideoPlayer_pause.png; sourceTree = "<group>"; };
		A9612EE41C42A86C001164E2 /* VKVideoPlayer_pause@2x.png */ = {isa = PBXFileReference; lastKnownFileType = image.png; path = "VKVideoPlayer_pause@2x.png"; sourceTree = "<group>"; };
		A9612EE51C42A86C001164E2 /* VKVideoPlayer_pause_big.png */ = {isa = PBXFileReference; lastKnownFileType = image.png; path = VKVideoPlayer_pause_big.png; sourceTree = "<group>"; };
		A9612EE61C42A86C001164E2 /* VKVideoPlayer_pause_big@2x.png */ = {isa = PBXFileReference; lastKnownFileType = image.png; path = "VKVideoPlayer_pause_big@2x.png"; sourceTree = "<group>"; };
		A9612EE71C42A86C001164E2 /* VKVideoPlayer_play.png */ = {isa = PBXFileReference; lastKnownFileType = image.png; path = VKVideoPlayer_play.png; sourceTree = "<group>"; };
		A9612EE81C42A86C001164E2 /* VKVideoPlayer_play@2x.png */ = {isa = PBXFileReference; lastKnownFileType = image.png; path = "VKVideoPlayer_play@2x.png"; sourceTree = "<group>"; };
		A9612EE91C42A86C001164E2 /* VKVideoPlayer_play_big.png */ = {isa = PBXFileReference; lastKnownFileType = image.png; path = VKVideoPlayer_play_big.png; sourceTree = "<group>"; };
		A9612EEA1C42A86C001164E2 /* VKVideoPlayer_play_big@2x.png */ = {isa = PBXFileReference; lastKnownFileType = image.png; path = "VKVideoPlayer_play_big@2x.png"; sourceTree = "<group>"; };
		A9612EEB1C42A86C001164E2 /* VKVideoPlayer_rewind.png */ = {isa = PBXFileReference; lastKnownFileType = image.png; path = VKVideoPlayer_rewind.png; sourceTree = "<group>"; };
		A9612EEC1C42A86C001164E2 /* VKVideoPlayer_rewind@2x.png */ = {isa = PBXFileReference; lastKnownFileType = image.png; path = "VKVideoPlayer_rewind@2x.png"; sourceTree = "<group>"; };
		A9612EED1C42A86C001164E2 /* VKVideoPlayer_zoom_in.png */ = {isa = PBXFileReference; lastKnownFileType = image.png; path = VKVideoPlayer_zoom_in.png; sourceTree = "<group>"; };
		A9612EEE1C42A86C001164E2 /* VKVideoPlayer_zoom_in@2x.png */ = {isa = PBXFileReference; lastKnownFileType = image.png; path = "VKVideoPlayer_zoom_in@2x.png"; sourceTree = "<group>"; };
		A9612EEF1C42A86C001164E2 /* VKVideoPlayer_zoom_out.png */ = {isa = PBXFileReference; lastKnownFileType = image.png; path = VKVideoPlayer_zoom_out.png; sourceTree = "<group>"; };
		A9612EF01C42A86C001164E2 /* VKVideoPlayer_zoom_out@2x.png */ = {isa = PBXFileReference; lastKnownFileType = image.png; path = "VKVideoPlayer_zoom_out@2x.png"; sourceTree = "<group>"; };
		A9612F611C42A86C001164E2 /* VideoView.swift */ = {isa = PBXFileReference; fileEncoding = 4; lastKnownFileType = sourcecode.swift; path = VideoView.swift; sourceTree = "<group>"; };
		A9612F631C42A86C001164E2 /* PlayerView.h */ = {isa = PBXFileReference; fileEncoding = 4; lastKnownFileType = sourcecode.c.h; path = PlayerView.h; sourceTree = "<group>"; };
		A9612F641C42A86C001164E2 /* PlayerView.m */ = {isa = PBXFileReference; fileEncoding = 4; lastKnownFileType = sourcecode.c.objc; path = PlayerView.m; sourceTree = "<group>"; };
		A9612F651C42A86C001164E2 /* ZXCustomControlView.h */ = {isa = PBXFileReference; fileEncoding = 4; lastKnownFileType = sourcecode.c.h; path = ZXCustomControlView.h; sourceTree = "<group>"; };
		A9612F661C42A86C001164E2 /* ZXCustomControlView.m */ = {isa = PBXFileReference; fileEncoding = 4; lastKnownFileType = sourcecode.c.objc; path = ZXCustomControlView.m; sourceTree = "<group>"; };
		A9612F671C42A86C001164E2 /* ZXCustomControlView.xib */ = {isa = PBXFileReference; fileEncoding = 4; lastKnownFileType = file.xib; path = ZXCustomControlView.xib; sourceTree = "<group>"; };
		A9612F681C42A86C001164E2 /* ZXVideoPlayerViewController.h */ = {isa = PBXFileReference; fileEncoding = 4; lastKnownFileType = sourcecode.c.h; path = ZXVideoPlayerViewController.h; sourceTree = "<group>"; };
		A9612F691C42A86C001164E2 /* ZXVideoPlayerViewController.m */ = {isa = PBXFileReference; fileEncoding = 4; lastKnownFileType = sourcecode.c.objc; path = ZXVideoPlayerViewController.m; sourceTree = "<group>"; };
		A9612F6A1C42A86C001164E2 /* ZXVideoView.h */ = {isa = PBXFileReference; fileEncoding = 4; lastKnownFileType = sourcecode.c.h; path = ZXVideoView.h; sourceTree = "<group>"; };
		A9612F6B1C42A86C001164E2 /* ZXVideoView.m */ = {isa = PBXFileReference; fileEncoding = 4; lastKnownFileType = sourcecode.c.objc; path = ZXVideoView.m; sourceTree = "<group>"; };
		A9612FD61C42A8B5001164E2 /* VideoViewController.swift */ = {isa = PBXFileReference; fileEncoding = 4; lastKnownFileType = sourcecode.swift; path = VideoViewController.swift; sourceTree = "<group>"; };
		A9D3A0891C54F88400C0B4EA /* ViewController.swift */ = {isa = PBXFileReference; fileEncoding = 4; lastKnownFileType = sourcecode.swift; path = ViewController.swift; sourceTree = "<group>"; };
/* End PBXFileReference section */

/* Begin PBXFrameworksBuildPhase section */
		A9612EA11C42A7D2001164E2 /* Frameworks */ = {
			isa = PBXFrameworksBuildPhase;
			buildActionMask = 2147483647;
			files = (
				8415DE291D582DE60046E456 /* CoreLibrary.framework in Frameworks */,
			);
			runOnlyForDeploymentPostprocessing = 0;
		};
		A9612EB91C42A7D2001164E2 /* Frameworks */ = {
			isa = PBXFrameworksBuildPhase;
			buildActionMask = 2147483647;
			files = (
			);
			runOnlyForDeploymentPostprocessing = 0;
		};
/* End PBXFrameworksBuildPhase section */

/* Begin PBXGroup section */
		8415DE241D582DB00046E456 /* Products */ = {
			isa = PBXGroup;
			children = (
				8415DE281D582DB00046E456 /* CoreLibrary.framework */,
			);
			name = Products;
			sourceTree = "<group>";
		};
		A9612E9B1C42A7D2001164E2 = {
			isa = PBXGroup;
			children = (
				A9612EA61C42A7D2001164E2 /* VideoApplication */,
				A9612EBF1C42A7D2001164E2 /* VideoApplicationTests */,
				A9612EA51C42A7D2001164E2 /* Products */,
				8415DE231D582DB00046E456 /* CoreLibrary.xcodeproj */,
			);
			sourceTree = "<group>";
		};
		A9612EA51C42A7D2001164E2 /* Products */ = {
			isa = PBXGroup;
			children = (
				A9612EA41C42A7D2001164E2 /* VideoApplication.app */,
				A9612EBC1C42A7D2001164E2 /* VideoApplicationTests.xctest */,
			);
			name = Products;
			sourceTree = "<group>";
		};
		A9612EA61C42A7D2001164E2 /* VideoApplication */ = {
			isa = PBXGroup;
			children = (
				A9612EDA1C42A86C001164E2 /* Assets */,
				A9612F621C42A86C001164E2 /* ZXVideo */,
				A9612ED81C42A86C001164E2 /* AppDelegate.swift */,
				A9D3A0891C54F88400C0B4EA /* ViewController.swift */,
				A9612FD61C42A8B5001164E2 /* VideoViewController.swift */,
				A9612F611C42A86C001164E2 /* VideoView.swift */,
				A9612EAB1C42A7D2001164E2 /* VideoApplication.xcdatamodeld */,
				A9612EA71C42A7D2001164E2 /* Supporting Files */,
				A9612ECC1C42A824001164E2 /* VideoApplication-Bridging-Header.h */,
			);
			path = VideoApplication;
			sourceTree = "<group>";
		};
		A9612EA71C42A7D2001164E2 /* Supporting Files */ = {
			isa = PBXGroup;
			children = (
				A9612EA81C42A7D2001164E2 /* Info.plist */,
			);
			name = "Supporting Files";
			sourceTree = "<group>";
		};
		A9612EBF1C42A7D2001164E2 /* VideoApplicationTests */ = {
			isa = PBXGroup;
			children = (
				A9612EC21C42A7D2001164E2 /* VideoApplicationTests.swift */,
				A9612EC01C42A7D2001164E2 /* Supporting Files */,
			);
			path = VideoApplicationTests;
			sourceTree = "<group>";
		};
		A9612EC01C42A7D2001164E2 /* Supporting Files */ = {
			isa = PBXGroup;
			children = (
				A9612EC11C42A7D2001164E2 /* Info.plist */,
			);
			name = "Supporting Files";
			sourceTree = "<group>";
		};
		A9612EDA1C42A86C001164E2 /* Assets */ = {
			isa = PBXGroup;
			children = (
				A9612EDB1C42A86C001164E2 /* kr-video-player-point@2x.png */,
				A9612EDC1C42A86C001164E2 /* kr-video-player-point@3x.png */,
				A9612EDD1C42A86C001164E2 /* VKVideoPlayer_close.png */,
				A9612EDE1C42A86C001164E2 /* VKVideoPlayer_close@2x.png */,
				A9612EDF1C42A86C001164E2 /* VKVideoPlayer_cross.png */,
				A9612EE01C42A86C001164E2 /* VKVideoPlayer_cross@2x.png */,
				A9612EE11C42A86C001164E2 /* VKVideoPlayer_next.png */,
				A9612EE21C42A86C001164E2 /* VKVideoPlayer_next@2x.png */,
				A9612EE31C42A86C001164E2 /* VKVideoPlayer_pause.png */,
				A9612EE41C42A86C001164E2 /* VKVideoPlayer_pause@2x.png */,
				A9612EE51C42A86C001164E2 /* VKVideoPlayer_pause_big.png */,
				A9612EE61C42A86C001164E2 /* VKVideoPlayer_pause_big@2x.png */,
				A9612EE71C42A86C001164E2 /* VKVideoPlayer_play.png */,
				A9612EE81C42A86C001164E2 /* VKVideoPlayer_play@2x.png */,
				A9612EE91C42A86C001164E2 /* VKVideoPlayer_play_big.png */,
				A9612EEA1C42A86C001164E2 /* VKVideoPlayer_play_big@2x.png */,
				A9612EEB1C42A86C001164E2 /* VKVideoPlayer_rewind.png */,
				A9612EEC1C42A86C001164E2 /* VKVideoPlayer_rewind@2x.png */,
				A9612EED1C42A86C001164E2 /* VKVideoPlayer_zoom_in.png */,
				A9612EEE1C42A86C001164E2 /* VKVideoPlayer_zoom_in@2x.png */,
				A9612EEF1C42A86C001164E2 /* VKVideoPlayer_zoom_out.png */,
				A9612EF01C42A86C001164E2 /* VKVideoPlayer_zoom_out@2x.png */,
			);
			path = Assets;
			sourceTree = "<group>";
		};
		A9612F621C42A86C001164E2 /* ZXVideo */ = {
			isa = PBXGroup;
			children = (
				A9612F631C42A86C001164E2 /* PlayerView.h */,
				A9612F641C42A86C001164E2 /* PlayerView.m */,
				A9612F651C42A86C001164E2 /* ZXCustomControlView.h */,
				A9612F661C42A86C001164E2 /* ZXCustomControlView.m */,
				A9612F671C42A86C001164E2 /* ZXCustomControlView.xib */,
				A9612F681C42A86C001164E2 /* ZXVideoPlayerViewController.h */,
				A9612F691C42A86C001164E2 /* ZXVideoPlayerViewController.m */,
				A9612F6A1C42A86C001164E2 /* ZXVideoView.h */,
				A9612F6B1C42A86C001164E2 /* ZXVideoView.m */,
			);
			path = ZXVideo;
			sourceTree = "<group>";
		};
/* End PBXGroup section */

/* Begin PBXNativeTarget section */
		A9612EA31C42A7D2001164E2 /* VideoApplication */ = {
			isa = PBXNativeTarget;
			buildConfigurationList = A9612EC61C42A7D2001164E2 /* Build configuration list for PBXNativeTarget "VideoApplication" */;
			buildPhases = (
				A9612EA01C42A7D2001164E2 /* Sources */,
				A9612EA11C42A7D2001164E2 /* Frameworks */,
				A9612EA21C42A7D2001164E2 /* Resources */,
				8415DE2D1D582DE70046E456 /* Embed Frameworks */,
			);
			buildRules = (
			);
			dependencies = (
				8415DE2C1D582DE60046E456 /* PBXTargetDependency */,
			);
			name = VideoApplication;
			productName = VideoApplication;
			productReference = A9612EA41C42A7D2001164E2 /* VideoApplication.app */;
			productType = "com.apple.product-type.application";
		};
		A9612EBB1C42A7D2001164E2 /* VideoApplicationTests */ = {
			isa = PBXNativeTarget;
			buildConfigurationList = A9612EC91C42A7D2001164E2 /* Build configuration list for PBXNativeTarget "VideoApplicationTests" */;
			buildPhases = (
				A9612EB81C42A7D2001164E2 /* Sources */,
				A9612EB91C42A7D2001164E2 /* Frameworks */,
				A9612EBA1C42A7D2001164E2 /* Resources */,
			);
			buildRules = (
			);
			dependencies = (
				A9612EBE1C42A7D2001164E2 /* PBXTargetDependency */,
			);
			name = VideoApplicationTests;
			productName = VideoApplicationTests;
			productReference = A9612EBC1C42A7D2001164E2 /* VideoApplicationTests.xctest */;
			productType = "com.apple.product-type.bundle.unit-test";
		};
/* End PBXNativeTarget section */

/* Begin PBXProject section */
		A9612E9C1C42A7D2001164E2 /* Project object */ = {
			isa = PBXProject;
			attributes = {
				LastSwiftMigration = 0720;
				LastSwiftUpdateCheck = 0720;
				LastUpgradeCheck = 0640;
				ORGANIZATIONNAME = "高扬";
				TargetAttributes = {
					A9612EA31C42A7D2001164E2 = {
						CreatedOnToolsVersion = 6.4;
						DevelopmentTeam = GDF5YE97RF;
					};
					A9612EBB1C42A7D2001164E2 = {
						CreatedOnToolsVersion = 6.4;
						TestTargetID = A9612EA31C42A7D2001164E2;
					};
				};
			};
			buildConfigurationList = A9612E9F1C42A7D2001164E2 /* Build configuration list for PBXProject "VideoApplication" */;
			compatibilityVersion = "Xcode 3.2";
			developmentRegion = English;
			hasScannedForEncodings = 0;
			knownRegions = (
				en,
				Base,
			);
			mainGroup = A9612E9B1C42A7D2001164E2;
			productRefGroup = A9612EA51C42A7D2001164E2 /* Products */;
			projectDirPath = "";
			projectReferences = (
				{
					ProductGroup = 8415DE241D582DB00046E456 /* Products */;
					ProjectRef = 8415DE231D582DB00046E456 /* CoreLibrary.xcodeproj */;
				},
			);
			projectRoot = "";
			targets = (
				A9612EA31C42A7D2001164E2 /* VideoApplication */,
				A9612EBB1C42A7D2001164E2 /* VideoApplicationTests */,
			);
		};
/* End PBXProject section */

/* Begin PBXReferenceProxy section */
		8415DE281D582DB00046E456 /* CoreLibrary.framework */ = {
			isa = PBXReferenceProxy;
			fileType = wrapper.framework;
			path = CoreLibrary.framework;
			remoteRef = 8415DE271D582DB00046E456 /* PBXContainerItemProxy */;
			sourceTree = BUILT_PRODUCTS_DIR;
		};
/* End PBXReferenceProxy section */

/* Begin PBXResourcesBuildPhase section */
		A9612EA21C42A7D2001164E2 /* Resources */ = {
			isa = PBXResourcesBuildPhase;
			buildActionMask = 2147483647;
			files = (
				A9612F711C42A86C001164E2 /* VKVideoPlayer_cross.png in Resources */,
				A9612F7B1C42A86C001164E2 /* VKVideoPlayer_play_big.png in Resources */,
				A9612F741C42A86C001164E2 /* VKVideoPlayer_next@2x.png in Resources */,
				A9612F781C42A86C001164E2 /* VKVideoPlayer_pause_big@2x.png in Resources */,
				A9612F6E1C42A86C001164E2 /* kr-video-player-point@3x.png in Resources */,
				A9612F7C1C42A86C001164E2 /* VKVideoPlayer_play_big@2x.png in Resources */,
				A9612F701C42A86C001164E2 /* VKVideoPlayer_close@2x.png in Resources */,
				A9612F7E1C42A86C001164E2 /* VKVideoPlayer_rewind@2x.png in Resources */,
				A9612F821C42A86C001164E2 /* VKVideoPlayer_zoom_out@2x.png in Resources */,
				A9612F801C42A86C001164E2 /* VKVideoPlayer_zoom_in@2x.png in Resources */,
				A9612F6D1C42A86C001164E2 /* kr-video-player-point@2x.png in Resources */,
				A9612F771C42A86C001164E2 /* VKVideoPlayer_pause_big.png in Resources */,
				A9612F751C42A86C001164E2 /* VKVideoPlayer_pause.png in Resources */,
				A9612F731C42A86C001164E2 /* VKVideoPlayer_next.png in Resources */,
				A9612F791C42A86C001164E2 /* VKVideoPlayer_play.png in Resources */,
				A9612F811C42A86C001164E2 /* VKVideoPlayer_zoom_out.png in Resources */,
				A9612F7A1C42A86C001164E2 /* VKVideoPlayer_play@2x.png in Resources */,
				A9612FD31C42A86C001164E2 /* ZXCustomControlView.xib in Resources */,
				A9612F761C42A86C001164E2 /* VKVideoPlayer_pause@2x.png in Resources */,
				A9612F7D1C42A86C001164E2 /* VKVideoPlayer_rewind.png in Resources */,
				A9612F7F1C42A86C001164E2 /* VKVideoPlayer_zoom_in.png in Resources */,
				A9612F6F1C42A86C001164E2 /* VKVideoPlayer_close.png in Resources */,
				A9612F721C42A86C001164E2 /* VKVideoPlayer_cross@2x.png in Resources */,
			);
			runOnlyForDeploymentPostprocessing = 0;
		};
		A9612EBA1C42A7D2001164E2 /* Resources */ = {
			isa = PBXResourcesBuildPhase;
			buildActionMask = 2147483647;
			files = (
			);
			runOnlyForDeploymentPostprocessing = 0;
		};
/* End PBXResourcesBuildPhase section */

/* Begin PBXSourcesBuildPhase section */
		A9612EA01C42A7D2001164E2 /* Sources */ = {
			isa = PBXSourcesBuildPhase;
			buildActionMask = 2147483647;
			files = (
				A9612FD21C42A86C001164E2 /* ZXCustomControlView.m in Sources */,
				A9612FD01C42A86C001164E2 /* VideoView.swift in Sources */,
				A9612FD71C42A8B5001164E2 /* VideoViewController.swift in Sources */,
				A9612F6C1C42A86C001164E2 /* AppDelegate.swift in Sources */,
				A9612FD11C42A86C001164E2 /* PlayerView.m in Sources */,
				A9612FD51C42A86C001164E2 /* ZXVideoView.m in Sources */,
				A9612FD41C42A86C001164E2 /* ZXVideoPlayerViewController.m in Sources */,
				A9612EAD1C42A7D2001164E2 /* VideoApplication.xcdatamodeld in Sources */,
				A9D3A08A1C54F88400C0B4EA /* ViewController.swift in Sources */,
			);
			runOnlyForDeploymentPostprocessing = 0;
		};
		A9612EB81C42A7D2001164E2 /* Sources */ = {
			isa = PBXSourcesBuildPhase;
			buildActionMask = 2147483647;
			files = (
				A9612EC31C42A7D2001164E2 /* VideoApplicationTests.swift in Sources */,
			);
			runOnlyForDeploymentPostprocessing = 0;
		};
/* End PBXSourcesBuildPhase section */

/* Begin PBXTargetDependency section */
		8415DE2C1D582DE60046E456 /* PBXTargetDependency */ = {
			isa = PBXTargetDependency;
			name = CoreLibrary;
			targetProxy = 8415DE2B1D582DE60046E456 /* PBXContainerItemProxy */;
		};
		A9612EBE1C42A7D2001164E2 /* PBXTargetDependency */ = {
			isa = PBXTargetDependency;
			target = A9612EA31C42A7D2001164E2 /* VideoApplication */;
			targetProxy = A9612EBD1C42A7D2001164E2 /* PBXContainerItemProxy */;
		};
/* End PBXTargetDependency section */

/* Begin XCBuildConfiguration section */
		A9612EC41C42A7D2001164E2 /* Debug */ = {
			isa = XCBuildConfiguration;
			buildSettings = {
				ALWAYS_SEARCH_USER_PATHS = NO;
				CLANG_CXX_LANGUAGE_STANDARD = "gnu++0x";
				CLANG_CXX_LIBRARY = "libc++";
				CLANG_ENABLE_MODULES = YES;
				CLANG_ENABLE_OBJC_ARC = YES;
				CLANG_WARN_BOOL_CONVERSION = YES;
				CLANG_WARN_CONSTANT_CONVERSION = YES;
				CLANG_WARN_DIRECT_OBJC_ISA_USAGE = YES_ERROR;
				CLANG_WARN_EMPTY_BODY = YES;
				CLANG_WARN_ENUM_CONVERSION = YES;
				CLANG_WARN_INT_CONVERSION = YES;
				CLANG_WARN_OBJC_ROOT_CLASS = YES_ERROR;
				CLANG_WARN_UNREACHABLE_CODE = YES;
				CLANG_WARN__DUPLICATE_METHOD_MATCH = YES;
				"CODE_SIGN_IDENTITY[sdk=iphoneos*]" = "iPhone Developer";
				COPY_PHASE_STRIP = NO;
				DEBUG_INFORMATION_FORMAT = "dwarf-with-dsym";
				ENABLE_STRICT_OBJC_MSGSEND = YES;
				GCC_C_LANGUAGE_STANDARD = gnu99;
				GCC_DYNAMIC_NO_PIC = NO;
				GCC_NO_COMMON_BLOCKS = YES;
				GCC_OPTIMIZATION_LEVEL = 0;
				GCC_PREPROCESSOR_DEFINITIONS = (
					"DEBUG=1",
					"$(inherited)",
				);
				GCC_SYMBOLS_PRIVATE_EXTERN = NO;
				GCC_WARN_64_TO_32_BIT_CONVERSION = YES;
				GCC_WARN_ABOUT_RETURN_TYPE = YES_ERROR;
				GCC_WARN_UNDECLARED_SELECTOR = YES;
				GCC_WARN_UNINITIALIZED_AUTOS = YES_AGGRESSIVE;
				GCC_WARN_UNUSED_FUNCTION = YES;
				GCC_WARN_UNUSED_VARIABLE = YES;
				IPHONEOS_DEPLOYMENT_TARGET = 8.0;
				MTL_ENABLE_DEBUG_INFO = YES;
				ONLY_ACTIVE_ARCH = YES;
				SDKROOT = iphoneos;
				"SWIFT_OBJC_BRIDGING_HEADER[arch=*]" = "VideoApplication/VideoApplication-Bridging-Header.h";
				SWIFT_OPTIMIZATION_LEVEL = "-Onone";
			};
			name = Debug;
		};
		A9612EC51C42A7D2001164E2 /* Release */ = {
			isa = XCBuildConfiguration;
			buildSettings = {
				ALWAYS_SEARCH_USER_PATHS = NO;
				CLANG_CXX_LANGUAGE_STANDARD = "gnu++0x";
				CLANG_CXX_LIBRARY = "libc++";
				CLANG_ENABLE_MODULES = YES;
				CLANG_ENABLE_OBJC_ARC = YES;
				CLANG_WARN_BOOL_CONVERSION = YES;
				CLANG_WARN_CONSTANT_CONVERSION = YES;
				CLANG_WARN_DIRECT_OBJC_ISA_USAGE = YES_ERROR;
				CLANG_WARN_EMPTY_BODY = YES;
				CLANG_WARN_ENUM_CONVERSION = YES;
				CLANG_WARN_INT_CONVERSION = YES;
				CLANG_WARN_OBJC_ROOT_CLASS = YES_ERROR;
				CLANG_WARN_UNREACHABLE_CODE = YES;
				CLANG_WARN__DUPLICATE_METHOD_MATCH = YES;
				"CODE_SIGN_IDENTITY[sdk=iphoneos*]" = "iPhone Developer";
				COPY_PHASE_STRIP = NO;
				DEBUG_INFORMATION_FORMAT = "dwarf-with-dsym";
				ENABLE_NS_ASSERTIONS = NO;
				ENABLE_STRICT_OBJC_MSGSEND = YES;
				GCC_C_LANGUAGE_STANDARD = gnu99;
				GCC_NO_COMMON_BLOCKS = YES;
				GCC_WARN_64_TO_32_BIT_CONVERSION = YES;
				GCC_WARN_ABOUT_RETURN_TYPE = YES_ERROR;
				GCC_WARN_UNDECLARED_SELECTOR = YES;
				GCC_WARN_UNINITIALIZED_AUTOS = YES_AGGRESSIVE;
				GCC_WARN_UNUSED_FUNCTION = YES;
				GCC_WARN_UNUSED_VARIABLE = YES;
				IPHONEOS_DEPLOYMENT_TARGET = 8.0;
				MTL_ENABLE_DEBUG_INFO = NO;
				SDKROOT = iphoneos;
				"SWIFT_OBJC_BRIDGING_HEADER[arch=*]" = "VideoApplication/VideoApplication-Bridging-Header.h";
				VALIDATE_PRODUCT = YES;
			};
			name = Release;
		};
		A9612EC71C42A7D2001164E2 /* Debug */ = {
			isa = XCBuildConfiguration;
			buildSettings = {
				ASSETCATALOG_COMPILER_APPICON_NAME = AppIcon;
				CLANG_ENABLE_MODULES = YES;
				CODE_SIGN_IDENTITY = "iPhone Developer";
				EMBEDDED_CONTENT_CONTAINS_SWIFT = YES;
				INFOPLIST_FILE = VideoApplication/Info.plist;
				LD_RUNPATH_SEARCH_PATHS = "$(inherited) @executable_path/Frameworks";
				PRODUCT_NAME = "$(TARGET_NAME)";
				SWIFT_OBJC_BRIDGING_HEADER = "VideoApplication/VideoApplication-Bridging-Header.h";
				SWIFT_OPTIMIZATION_LEVEL = "-Onone";
			};
			name = Debug;
		};
		A9612EC81C42A7D2001164E2 /* Release */ = {
			isa = XCBuildConfiguration;
			buildSettings = {
				ASSETCATALOG_COMPILER_APPICON_NAME = AppIcon;
				CLANG_ENABLE_MODULES = YES;
				CODE_SIGN_IDENTITY = "iPhone Developer";
				EMBEDDED_CONTENT_CONTAINS_SWIFT = YES;
				INFOPLIST_FILE = VideoApplication/Info.plist;
				LD_RUNPATH_SEARCH_PATHS = "$(inherited) @executable_path/Frameworks";
				PRODUCT_NAME = "$(TARGET_NAME)";
				SWIFT_OBJC_BRIDGING_HEADER = "VideoApplication/VideoApplication-Bridging-Header.h";
			};
			name = Release;
		};
		A9612ECA1C42A7D2001164E2 /* Debug */ = {
			isa = XCBuildConfiguration;
			buildSettings = {
				BUNDLE_LOADER = "$(TEST_HOST)";
				FRAMEWORK_SEARCH_PATHS = (
					"$(SDKROOT)/Developer/Library/Frameworks",
					"$(inherited)",
				);
				GCC_PREPROCESSOR_DEFINITIONS = (
					"DEBUG=1",
					"$(inherited)",
				);
				INFOPLIST_FILE = VideoApplicationTests/Info.plist;
				LD_RUNPATH_SEARCH_PATHS = "$(inherited) @executable_path/Frameworks @loader_path/Frameworks";
				PRODUCT_NAME = "$(TARGET_NAME)";
				TEST_HOST = "$(BUILT_PRODUCTS_DIR)/VideoApplication.app/VideoApplication";
			};
			name = Debug;
		};
		A9612ECB1C42A7D2001164E2 /* Release */ = {
			isa = XCBuildConfiguration;
			buildSettings = {
				BUNDLE_LOADER = "$(TEST_HOST)";
				FRAMEWORK_SEARCH_PATHS = (
					"$(SDKROOT)/Developer/Library/Frameworks",
					"$(inherited)",
				);
				INFOPLIST_FILE = VideoApplicationTests/Info.plist;
				LD_RUNPATH_SEARCH_PATHS = "$(inherited) @executable_path/Frameworks @loader_path/Frameworks";
				PRODUCT_NAME = "$(TARGET_NAME)";
				TEST_HOST = "$(BUILT_PRODUCTS_DIR)/VideoApplication.app/VideoApplication";
			};
			name = Release;
		};
/* End XCBuildConfiguration section */

/* Begin XCConfigurationList section */
		A9612E9F1C42A7D2001164E2 /* Build configuration list for PBXProject "VideoApplication" */ = {
			isa = XCConfigurationList;
			buildConfigurations = (
				A9612EC41C42A7D2001164E2 /* Debug */,
				A9612EC51C42A7D2001164E2 /* Release */,
			);
			defaultConfigurationIsVisible = 0;
			defaultConfigurationName = Release;
		};
		A9612EC61C42A7D2001164E2 /* Build configuration list for PBXNativeTarget "VideoApplication" */ = {
			isa = XCConfigurationList;
			buildConfigurations = (
				A9612EC71C42A7D2001164E2 /* Debug */,
				A9612EC81C42A7D2001164E2 /* Release */,
			);
			defaultConfigurationIsVisible = 0;
			defaultConfigurationName = Release;
		};
		A9612EC91C42A7D2001164E2 /* Build configuration list for PBXNativeTarget "VideoApplicationTests" */ = {
			isa = XCConfigurationList;
			buildConfigurations = (
				A9612ECA1C42A7D2001164E2 /* Debug */,
				A9612ECB1C42A7D2001164E2 /* Release */,
			);
			defaultConfigurationIsVisible = 0;
			defaultConfigurationName = Release;
		};
/* End XCConfigurationList section */

/* Begin XCVersionGroup section */
		A9612EAB1C42A7D2001164E2 /* VideoApplication.xcdatamodeld */ = {
			isa = XCVersionGroup;
			children = (
				A9612EAC1C42A7D2001164E2 /* VideoApplication.xcdatamodel */,
			);
			currentVersion = A9612EAC1C42A7D2001164E2 /* VideoApplication.xcdatamodel */;
			path = VideoApplication.xcdatamodeld;
			sourceTree = "<group>";
			versionGroupType = wrapper.xcdatamodel;
		};
/* End XCVersionGroup section */
	};
	rootObject = A9612E9C1C42A7D2001164E2 /* Project object */;
}
