// !$*UTF8*$!
{
	archiveVersion = 1;
	classes = {
	};
	objectVersion = 46;
	objects = {

/* Begin PBXBuildFile section */
		A9612EAD1C42A7D2001164E2 /* VideoApplication.xcdatamodeld in Sources */ = {isa = PBXBuildFile; fileRef = A9612EAB1C42A7D2001164E2 /* VideoApplication.xcdatamodeld */; };
		A9612EC31C42A7D2001164E2 /* VideoApplicationTests.swift in Sources */ = {isa = PBXBuildFile; fileRef = A9612EC21C42A7D2001164E2 /* VideoApplicationTests.swift */; };
		A9612F6C1C42A86C001164E2 /* AppDelegate.swift in Sources */ = {isa = PBXBuildFile; fileRef = A9612ED81C42A86C001164E2 /* AppDelegate.swift */; };
		A9612F6D1C42A86C001164E2 /* kr-video-player-point@2x.png in Resources */ = {isa = PBXBuildFile; fileRef = A9612EDB1C42A86C001164E2 /* kr-video-player-point@2x.png */; };
		A9612F6E1C42A86C001164E2 /* kr-video-player-point@3x.png in Resources */ = {isa = PBXBuildFile; fileRef = A9612EDC1C42A86C001164E2 /* kr-video-player-point@3x.png */; };
		A9612F6F1C42A86C001164E2 /* VKVideoPlayer_close.png in Resources */ = {isa = PBXBuildFile; fileRef = A9612EDD1C42A86C001164E2 /* VKVideoPlayer_close.png */; };
		A9612F701C42A86C001164E2 /* VKVideoPlayer_close@2x.png in Resources */ = {isa = PBXBuildFile; fileRef = A9612EDE1C42A86C001164E2 /* VKVideoPlayer_close@2x.png */; };
		A9612F711C42A86C001164E2 /* VKVideoPlayer_cross.png in Resources */ = {isa = PBXBuildFile; fileRef = A9612EDF1C42A86C001164E2 /* VKVideoPlayer_cross.png */; };
		A9612F721C42A86C001164E2 /* VKVideoPlayer_cross@2x.png in Resources */ = {isa = PBXBuildFile; fileRef = A9612EE01C42A86C001164E2 /* VKVideoPlayer_cross@2x.png */; };
		A9612F731C42A86C001164E2 /* VKVideoPlayer_next.png in Resources */ = {isa = PBXBuildFile; fileRef = A9612EE11C42A86C001164E2 /* VKVideoPlayer_next.png */; };
		A9612F741C42A86C001164E2 /* VKVideoPlayer_next@2x.png in Resources */ = {isa = PBXBuildFile; fileRef = A9612EE21C42A86C001164E2 /* VKVideoPlayer_next@2x.png */; };
		A9612F751C42A86C001164E2 /* VKVideoPlayer_pause.png in Resources */ = {isa = PBXBuildFile; fileRef = A9612EE31C42A86C001164E2 /* VKVideoPlayer_pause.png */; };
		A9612F761C42A86C001164E2 /* VKVideoPlayer_pause@2x.png in Resources */ = {isa = PBXBuildFile; fileRef = A9612EE41C42A86C001164E2 /* VKVideoPlayer_pause@2x.png */; };
		A9612F771C42A86C001164E2 /* VKVideoPlayer_pause_big.png in Resources */ = {isa = PBXBuildFile; fileRef = A9612EE51C42A86C001164E2 /* VKVideoPlayer_pause_big.png */; };
		A9612F781C42A86C001164E2 /* VKVideoPlayer_pause_big@2x.png in Resources */ = {isa = PBXBuildFile; fileRef = A9612EE61C42A86C001164E2 /* VKVideoPlayer_pause_big@2x.png */; };
		A9612F791C42A86C001164E2 /* VKVideoPlayer_play.png in Resources */ = {isa = PBXBuildFile; fileRef = A9612EE71C42A86C001164E2 /* VKVideoPlayer_play.png */; };
		A9612F7A1C42A86C001164E2 /* VKVideoPlayer_play@2x.png in Resources */ = {isa = PBXBuildFile; fileRef = A9612EE81C42A86C001164E2 /* VKVideoPlayer_play@2x.png */; };
		A9612F7B1C42A86C001164E2 /* VKVideoPlayer_play_big.png in Resources */ = {isa = PBXBuildFile; fileRef = A9612EE91C42A86C001164E2 /* VKVideoPlayer_play_big.png */; };
		A9612F7C1C42A86C001164E2 /* VKVideoPlayer_play_big@2x.png in Resources */ = {isa = PBXBuildFile; fileRef = A9612EEA1C42A86C001164E2 /* VKVideoPlayer_play_big@2x.png */; };
		A9612F7D1C42A86C001164E2 /* VKVideoPlayer_rewind.png in Resources */ = {isa = PBXBuildFile; fileRef = A9612EEB1C42A86C001164E2 /* VKVideoPlayer_rewind.png */; };
		A9612F7E1C42A86C001164E2 /* VKVideoPlayer_rewind@2x.png in Resources */ = {isa = PBXBuildFile; fileRef = A9612EEC1C42A86C001164E2 /* VKVideoPlayer_rewind@2x.png */; };
		A9612F7F1C42A86C001164E2 /* VKVideoPlayer_zoom_in.png in Resources */ = {isa = PBXBuildFile; fileRef = A9612EED1C42A86C001164E2 /* VKVideoPlayer_zoom_in.png */; };
		A9612F801C42A86C001164E2 /* VKVideoPlayer_zoom_in@2x.png in Resources */ = {isa = PBXBuildFile; fileRef = A9612EEE1C42A86C001164E2 /* VKVideoPlayer_zoom_in@2x.png */; };
		A9612F811C42A86C001164E2 /* VKVideoPlayer_zoom_out.png in Resources */ = {isa = PBXBuildFile; fileRef = A9612EEF1C42A86C001164E2 /* VKVideoPlayer_zoom_out.png */; };
		A9612F821C42A86C001164E2 /* VKVideoPlayer_zoom_out@2x.png in Resources */ = {isa = PBXBuildFile; fileRef = A9612EF01C42A86C001164E2 /* VKVideoPlayer_zoom_out@2x.png */; };
		A9612F831C42A86C001164E2 /* fontawesome-webfont.ttf in Resources */ = {isa = PBXBuildFile; fileRef = A9612EF31C42A86C001164E2 /* fontawesome-webfont.ttf */; };
		A9612F841C42A86C001164E2 /* NSString+FontAwesome.m in Sources */ = {isa = PBXBuildFile; fileRef = A9612EF51C42A86C001164E2 /* NSString+FontAwesome.m */; };
		A9612F851C42A86C001164E2 /* PPiFlatSegmentedControl.m in Sources */ = {isa = PBXBuildFile; fileRef = A9612EF71C42A86C001164E2 /* PPiFlatSegmentedControl.m */; };
		A9612F861C42A86C001164E2 /* PPiFlatSegmentItem.m in Sources */ = {isa = PBXBuildFile; fileRef = A9612EF91C42A86C001164E2 /* PPiFlatSegmentItem.m */; };
		A9612F871C42A86C001164E2 /* UIAwesomeButton.m in Sources */ = {isa = PBXBuildFile; fileRef = A9612EFB1C42A86C001164E2 /* UIAwesomeButton.m */; };
		A9612F881C42A86C001164E2 /* UIButton+PPiAwesome.m in Sources */ = {isa = PBXBuildFile; fileRef = A9612EFD1C42A86C001164E2 /* UIButton+PPiAwesome.m */; };
		A9612F891C42A86C001164E2 /* BaseItemRenderer.swift in Sources */ = {isa = PBXBuildFile; fileRef = A9612EFF1C42A86C001164E2 /* BaseItemRenderer.swift */; };
		A9612F8A1C42A86C001164E2 /* BaseTableViewCell.swift in Sources */ = {isa = PBXBuildFile; fileRef = A9612F001C42A86C001164E2 /* BaseTableViewCell.swift */; };
		A9612F8B1C42A86C001164E2 /* BatchLoaderUtil.swift in Sources */ = {isa = PBXBuildFile; fileRef = A9612F011C42A86C001164E2 /* BatchLoaderUtil.swift */; };
		A9612F8C1C42A86C001164E2 /* CalculateUtils.swift in Sources */ = {isa = PBXBuildFile; fileRef = A9612F021C42A86C001164E2 /* CalculateUtils.swift */; };
		A9612F8D1C42A86C001164E2 /* CAPSPageMenu.swift in Sources */ = {isa = PBXBuildFile; fileRef = A9612F031C42A86C001164E2 /* CAPSPageMenu.swift */; };
		A9612F8E1C42A86C001164E2 /* CASectionPageMenu.swift in Sources */ = {isa = PBXBuildFile; fileRef = A9612F041C42A86C001164E2 /* CASectionPageMenu.swift */; };
		A9612F8F1C42A86C001164E2 /* ImageSlideView.swift in Sources */ = {isa = PBXBuildFile; fileRef = A9612F051C42A86C001164E2 /* ImageSlideView.swift */; };
		A9612F901C42A86C001164E2 /* TabViewController.swift in Sources */ = {isa = PBXBuildFile; fileRef = A9612F061C42A86C001164E2 /* TabViewController.swift */; };
		A9612F911C42A86C001164E2 /* Tempo.swift in Sources */ = {isa = PBXBuildFile; fileRef = A9612F071C42A86C001164E2 /* Tempo.swift */; };
		A9612F921C42A86C001164E2 /* UIArrowView.swift in Sources */ = {isa = PBXBuildFile; fileRef = A9612F081C42A86C001164E2 /* UIArrowView.swift */; };
		A9612F931C42A86C001164E2 /* UIColumnChart.swift in Sources */ = {isa = PBXBuildFile; fileRef = A9612F091C42A86C001164E2 /* UIColumnChart.swift */; };
		A9612F941C42A86C001164E2 /* UICreaterUtils.swift in Sources */ = {isa = PBXBuildFile; fileRef = A9612F0A1C42A86C001164E2 /* UICreaterUtils.swift */; };
		A9612F951C42A86C001164E2 /* UIFlatImageTabItem.swift in Sources */ = {isa = PBXBuildFile; fileRef = A9612F0B1C42A86C001164E2 /* UIFlatImageTabItem.swift */; };
		A9612F961C42A86C001164E2 /* UIGroupLineChart.swift in Sources */ = {isa = PBXBuildFile; fileRef = A9612F0C1C42A86C001164E2 /* UIGroupLineChart.swift */; };
		A9612F971C42A86C001164E2 /* UIViewExtension.swift in Sources */ = {isa = PBXBuildFile; fileRef = A9612F0D1C42A86C001164E2 /* UIViewExtension.swift */; };
		A9612F981C42A86C001164E2 /* DOFavoriteButton.swift in Sources */ = {isa = PBXBuildFile; fileRef = A9612F0F1C42A86C001164E2 /* DOFavoriteButton.swift */; };
		A9612F991C42A86C001164E2 /* heart.png in Resources */ = {isa = PBXBuildFile; fileRef = A9612F101C42A86C001164E2 /* heart.png */; };
		A9612F9A1C42A86C001164E2 /* like.png in Resources */ = {isa = PBXBuildFile; fileRef = A9612F111C42A86C001164E2 /* like.png */; };
		A9612F9B1C42A86C001164E2 /* smile.png in Resources */ = {isa = PBXBuildFile; fileRef = A9612F121C42A86C001164E2 /* smile.png */; };
		A9612F9C1C42A86C001164E2 /* star.png in Resources */ = {isa = PBXBuildFile; fileRef = A9612F131C42A86C001164E2 /* star.png */; };
		A9612F9D1C42A86C001164E2 /* FlatUIColors.swift in Sources */ = {isa = PBXBuildFile; fileRef = A9612F151C42A86C001164E2 /* FlatUIColors.swift */; };
		A9612F9E1C42A86C001164E2 /* HSL.swift in Sources */ = {isa = PBXBuildFile; fileRef = A9612F161C42A86C001164E2 /* HSL.swift */; };
		A9612F9F1C42A86C001164E2 /* UIColor.swift in Sources */ = {isa = PBXBuildFile; fileRef = A9612F171C42A86C001164E2 /* UIColor.swift */; };
		A9612FA01C42A86C001164E2 /* UINavigationController+FDFullscreenPopGesture.m in Sources */ = {isa = PBXBuildFile; fileRef = A9612F1A1C42A86C001164E2 /* UINavigationController+FDFullscreenPopGesture.m */; };
		A9612FA11C42A86C001164E2 /* GoogleWearAlert.swift in Sources */ = {isa = PBXBuildFile; fileRef = A9612F1C1C42A86C001164E2 /* GoogleWearAlert.swift */; };
		A9612FA21C42A86C001164E2 /* GoogleWearAlertView.swift in Sources */ = {isa = PBXBuildFile; fileRef = A9612F1D1C42A86C001164E2 /* GoogleWearAlertView.swift */; };
		A9612FA31C42A86C001164E2 /* errorIcon@2x.png in Resources */ = {isa = PBXBuildFile; fileRef = A9612F1F1C42A86C001164E2 /* errorIcon@2x.png */; };
		A9612FA41C42A86C001164E2 /* messageIcon@2x.png in Resources */ = {isa = PBXBuildFile; fileRef = A9612F201C42A86C001164E2 /* messageIcon@2x.png */; };
		A9612FA51C42A86C001164E2 /* successIcon@2x.png in Resources */ = {isa = PBXBuildFile; fileRef = A9612F211C42A86C001164E2 /* successIcon@2x.png */; };
		A9612FA61C42A86C001164E2 /* warningIcon@2x.png in Resources */ = {isa = PBXBuildFile; fileRef = A9612F221C42A86C001164E2 /* warningIcon@2x.png */; };
		A9612FA71C42A86C001164E2 /* MMDrawerBarButtonItem.m in Sources */ = {isa = PBXBuildFile; fileRef = A9612F251C42A86C001164E2 /* MMDrawerBarButtonItem.m */; };
		A9612FA81C42A86C001164E2 /* MMDrawerController.m in Sources */ = {isa = PBXBuildFile; fileRef = A9612F281C42A86C001164E2 /* MMDrawerController.m */; };
		A9612FA91C42A86C001164E2 /* MMDrawerVisualState.m in Sources */ = {isa = PBXBuildFile; fileRef = A9612F2A1C42A86C001164E2 /* MMDrawerVisualState.m */; };
		A9612FAA1C42A86C001164E2 /* UIViewController+MMDrawerController.m in Sources */ = {isa = PBXBuildFile; fileRef = A9612F2C1C42A86C001164E2 /* UIViewController+MMDrawerController.m */; };
		A9612FAB1C42A86C001164E2 /* arrow@2x.png in Resources */ = {isa = PBXBuildFile; fileRef = A9612F2E1C42A86C001164E2 /* arrow@2x.png */; };
		A9612FAC1C42A86C001164E2 /* RefreshBaseView.swift in Sources */ = {isa = PBXBuildFile; fileRef = A9612F2F1C42A86C001164E2 /* RefreshBaseView.swift */; };
		A9612FAD1C42A86C001164E2 /* RefreshConst.swift in Sources */ = {isa = PBXBuildFile; fileRef = A9612F301C42A86C001164E2 /* RefreshConst.swift */; };
		A9612FAE1C42A86C001164E2 /* RefreshContainer.swift in Sources */ = {isa = PBXBuildFile; fileRef = A9612F311C42A86C001164E2 /* RefreshContainer.swift */; };
		A9612FAF1C42A86C001164E2 /* RefreshFooterView.swift in Sources */ = {isa = PBXBuildFile; fileRef = A9612F321C42A86C001164E2 /* RefreshFooterView.swift */; };
		A9612FB01C42A86C001164E2 /* RefreshHeaderView.swift in Sources */ = {isa = PBXBuildFile; fileRef = A9612F331C42A86C001164E2 /* RefreshHeaderView.swift */; };
		A9612FB11C42A86C001164E2 /* RefreshTableViewController.swift in Sources */ = {isa = PBXBuildFile; fileRef = A9612F341C42A86C001164E2 /* RefreshTableViewController.swift */; };
		A9612FB21C42A86C001164E2 /* NSData+SDDataCache.m in Sources */ = {isa = PBXBuildFile; fileRef = A9612F371C42A86C001164E2 /* NSData+SDDataCache.m */; };
		A9612FB31C42A86C001164E2 /* TAAbstractDotView.m in Sources */ = {isa = PBXBuildFile; fileRef = A9612F3A1C42A86C001164E2 /* TAAbstractDotView.m */; };
		A9612FB41C42A86C001164E2 /* TAAnimatedDotView.m in Sources */ = {isa = PBXBuildFile; fileRef = A9612F3C1C42A86C001164E2 /* TAAnimatedDotView.m */; };
		A9612FB51C42A86C001164E2 /* TADotView.m in Sources */ = {isa = PBXBuildFile; fileRef = A9612F3E1C42A86C001164E2 /* TADotView.m */; };
		A9612FB61C42A86C001164E2 /* TAPageControl.m in Sources */ = {isa = PBXBuildFile; fileRef = A9612F401C42A86C001164E2 /* TAPageControl.m */; };
		A9612FB71C42A86C001164E2 /* SDCollectionViewCell.m in Sources */ = {isa = PBXBuildFile; fileRef = A9612F421C42A86C001164E2 /* SDCollectionViewCell.m */; };
		A9612FB81C42A86C001164E2 /* SDCycleScrollView.m in Sources */ = {isa = PBXBuildFile; fileRef = A9612F441C42A86C001164E2 /* SDCycleScrollView.m */; };
		A9612FB91C42A86C001164E2 /* UIView+SDExtension.m in Sources */ = {isa = PBXBuildFile; fileRef = A9612F461C42A86C001164E2 /* UIView+SDExtension.m */; };
		A9612FBA1C42A86C001164E2 /* Constraint.swift in Sources */ = {isa = PBXBuildFile; fileRef = A9612F481C42A86C001164E2 /* Constraint.swift */; };
		A9612FBB1C42A86C001164E2 /* ConstraintAttributes.swift in Sources */ = {isa = PBXBuildFile; fileRef = A9612F491C42A86C001164E2 /* ConstraintAttributes.swift */; };
		A9612FBC1C42A86C001164E2 /* ConstraintDescription.swift in Sources */ = {isa = PBXBuildFile; fileRef = A9612F4A1C42A86C001164E2 /* ConstraintDescription.swift */; };
		A9612FBD1C42A86C001164E2 /* ConstraintItem.swift in Sources */ = {isa = PBXBuildFile; fileRef = A9612F4B1C42A86C001164E2 /* ConstraintItem.swift */; };
		A9612FBE1C42A86C001164E2 /* ConstraintMaker.swift in Sources */ = {isa = PBXBuildFile; fileRef = A9612F4C1C42A86C001164E2 /* ConstraintMaker.swift */; };
		A9612FBF1C42A86C001164E2 /* ConstraintRelation.swift in Sources */ = {isa = PBXBuildFile; fileRef = A9612F4D1C42A86C001164E2 /* ConstraintRelation.swift */; };
		A9612FC01C42A86C001164E2 /* Debugging.swift in Sources */ = {isa = PBXBuildFile; fileRef = A9612F4E1C42A86C001164E2 /* Debugging.swift */; };
		A9612FC11C42A86C001164E2 /* EdgeInsets.swift in Sources */ = {isa = PBXBuildFile; fileRef = A9612F4F1C42A86C001164E2 /* EdgeInsets.swift */; };
		A9612FC21C42A86C001164E2 /* Info.plist in Resources */ = {isa = PBXBuildFile; fileRef = A9612F501C42A86C001164E2 /* Info.plist */; };
		A9612FC31C42A86C001164E2 /* LayoutConstraint.swift in Sources */ = {isa = PBXBuildFile; fileRef = A9612F511C42A86C001164E2 /* LayoutConstraint.swift */; };
		A9612FC41C42A86C001164E2 /* SnapKit.swift in Sources */ = {isa = PBXBuildFile; fileRef = A9612F531C42A86C001164E2 /* SnapKit.swift */; };
		A9612FC51C42A86C001164E2 /* SourceLocation.swift in Sources */ = {isa = PBXBuildFile; fileRef = A9612F541C42A86C001164E2 /* SourceLocation.swift */; };
		A9612FC61C42A86C001164E2 /* View+SnapKit.swift in Sources */ = {isa = PBXBuildFile; fileRef = A9612F551C42A86C001164E2 /* View+SnapKit.swift */; };
		A9612FC71C42A86C001164E2 /* ViewController+SnapKit.swift in Sources */ = {isa = PBXBuildFile; fileRef = A9612F561C42A86C001164E2 /* ViewController+SnapKit.swift */; };
		A9612FC81C42A86C001164E2 /* LBXPermissions.swift in Sources */ = {isa = PBXBuildFile; fileRef = A9612F581C42A86C001164E2 /* LBXPermissions.swift */; };
		A9612FC91C42A86C001164E2 /* LBXScanLineAnimation.swift in Sources */ = {isa = PBXBuildFile; fileRef = A9612F591C42A86C001164E2 /* LBXScanLineAnimation.swift */; };
		A9612FCA1C42A86C001164E2 /* LBXScanNetAnimation.swift in Sources */ = {isa = PBXBuildFile; fileRef = A9612F5A1C42A86C001164E2 /* LBXScanNetAnimation.swift */; };
		A9612FCB1C42A86C001164E2 /* LBXScanView.swift in Sources */ = {isa = PBXBuildFile; fileRef = A9612F5B1C42A86C001164E2 /* LBXScanView.swift */; };
		A9612FCC1C42A86C001164E2 /* LBXScanViewController.swift in Sources */ = {isa = PBXBuildFile; fileRef = A9612F5C1C42A86C001164E2 /* LBXScanViewController.swift */; };
		A9612FCD1C42A86C001164E2 /* LBXScanViewStyle.swift in Sources */ = {isa = PBXBuildFile; fileRef = A9612F5D1C42A86C001164E2 /* LBXScanViewStyle.swift */; };
		A9612FCE1C42A86C001164E2 /* LBXScanWrapper.swift in Sources */ = {isa = PBXBuildFile; fileRef = A9612F5E1C42A86C001164E2 /* LBXScanWrapper.swift */; };
		A9612FD01C42A86C001164E2 /* VideoView.swift in Sources */ = {isa = PBXBuildFile; fileRef = A9612F611C42A86C001164E2 /* VideoView.swift */; };
		A9612FD11C42A86C001164E2 /* PlayerView.m in Sources */ = {isa = PBXBuildFile; fileRef = A9612F641C42A86C001164E2 /* PlayerView.m */; };
		A9612FD21C42A86C001164E2 /* ZXCustomControlView.m in Sources */ = {isa = PBXBuildFile; fileRef = A9612F661C42A86C001164E2 /* ZXCustomControlView.m */; };
		A9612FD31C42A86C001164E2 /* ZXCustomControlView.xib in Resources */ = {isa = PBXBuildFile; fileRef = A9612F671C42A86C001164E2 /* ZXCustomControlView.xib */; };
		A9612FD41C42A86C001164E2 /* ZXVideoPlayerViewController.m in Sources */ = {isa = PBXBuildFile; fileRef = A9612F691C42A86C001164E2 /* ZXVideoPlayerViewController.m */; };
		A9612FD51C42A86C001164E2 /* ZXVideoView.m in Sources */ = {isa = PBXBuildFile; fileRef = A9612F6B1C42A86C001164E2 /* ZXVideoView.m */; };
		A9612FD71C42A8B5001164E2 /* ViewController.swift in Sources */ = {isa = PBXBuildFile; fileRef = A9612FD61C42A8B5001164E2 /* ViewController.swift */; };
/* End PBXBuildFile section */

/* Begin PBXContainerItemProxy section */
		A9612EBD1C42A7D2001164E2 /* PBXContainerItemProxy */ = {
			isa = PBXContainerItemProxy;
			containerPortal = A9612E9C1C42A7D2001164E2 /* Project object */;
			proxyType = 1;
			remoteGlobalIDString = A9612EA31C42A7D2001164E2;
			remoteInfo = VideoApplication;
		};
/* End PBXContainerItemProxy section */

/* Begin PBXFileReference section */
		A9612EA41C42A7D2001164E2 /* VideoApplication.app */ = {isa = PBXFileReference; explicitFileType = wrapper.application; includeInIndex = 0; path = VideoApplication.app; sourceTree = BUILT_PRODUCTS_DIR; };
		A9612EA81C42A7D2001164E2 /* Info.plist */ = {isa = PBXFileReference; lastKnownFileType = text.plist.xml; path = Info.plist; sourceTree = "<group>"; };
		A9612EAC1C42A7D2001164E2 /* VideoApplication.xcdatamodel */ = {isa = PBXFileReference; lastKnownFileType = wrapper.xcdatamodel; path = VideoApplication.xcdatamodel; sourceTree = "<group>"; };
		A9612EBC1C42A7D2001164E2 /* VideoApplicationTests.xctest */ = {isa = PBXFileReference; explicitFileType = wrapper.cfbundle; includeInIndex = 0; path = VideoApplicationTests.xctest; sourceTree = BUILT_PRODUCTS_DIR; };
		A9612EC11C42A7D2001164E2 /* Info.plist */ = {isa = PBXFileReference; lastKnownFileType = text.plist.xml; path = Info.plist; sourceTree = "<group>"; };
		A9612EC21C42A7D2001164E2 /* VideoApplicationTests.swift */ = {isa = PBXFileReference; lastKnownFileType = sourcecode.swift; path = VideoApplicationTests.swift; sourceTree = "<group>"; };
		A9612ECC1C42A824001164E2 /* VideoApplication-Bridging-Header.h */ = {isa = PBXFileReference; lastKnownFileType = sourcecode.c.h; path = "VideoApplication-Bridging-Header.h"; sourceTree = "<group>"; };
		A9612ED81C42A86C001164E2 /* AppDelegate.swift */ = {isa = PBXFileReference; fileEncoding = 4; lastKnownFileType = sourcecode.swift; path = AppDelegate.swift; sourceTree = "<group>"; };
		A9612EDB1C42A86C001164E2 /* kr-video-player-point@2x.png */ = {isa = PBXFileReference; lastKnownFileType = image.png; path = "kr-video-player-point@2x.png"; sourceTree = "<group>"; };
		A9612EDC1C42A86C001164E2 /* kr-video-player-point@3x.png */ = {isa = PBXFileReference; lastKnownFileType = image.png; path = "kr-video-player-point@3x.png"; sourceTree = "<group>"; };
		A9612EDD1C42A86C001164E2 /* VKVideoPlayer_close.png */ = {isa = PBXFileReference; lastKnownFileType = image.png; path = VKVideoPlayer_close.png; sourceTree = "<group>"; };
		A9612EDE1C42A86C001164E2 /* VKVideoPlayer_close@2x.png */ = {isa = PBXFileReference; lastKnownFileType = image.png; path = "VKVideoPlayer_close@2x.png"; sourceTree = "<group>"; };
		A9612EDF1C42A86C001164E2 /* VKVideoPlayer_cross.png */ = {isa = PBXFileReference; lastKnownFileType = image.png; path = VKVideoPlayer_cross.png; sourceTree = "<group>"; };
		A9612EE01C42A86C001164E2 /* VKVideoPlayer_cross@2x.png */ = {isa = PBXFileReference; lastKnownFileType = image.png; path = "VKVideoPlayer_cross@2x.png"; sourceTree = "<group>"; };
		A9612EE11C42A86C001164E2 /* VKVideoPlayer_next.png */ = {isa = PBXFileReference; lastKnownFileType = image.png; path = VKVideoPlayer_next.png; sourceTree = "<group>"; };
		A9612EE21C42A86C001164E2 /* VKVideoPlayer_next@2x.png */ = {isa = PBXFileReference; lastKnownFileType = image.png; path = "VKVideoPlayer_next@2x.png"; sourceTree = "<group>"; };
		A9612EE31C42A86C001164E2 /* VKVideoPlayer_pause.png */ = {isa = PBXFileReference; lastKnownFileType = image.png; path = VKVideoPlayer_pause.png; sourceTree = "<group>"; };
		A9612EE41C42A86C001164E2 /* VKVideoPlayer_pause@2x.png */ = {isa = PBXFileReference; lastKnownFileType = image.png; path = "VKVideoPlayer_pause@2x.png"; sourceTree = "<group>"; };
		A9612EE51C42A86C001164E2 /* VKVideoPlayer_pause_big.png */ = {isa = PBXFileReference; lastKnownFileType = image.png; path = VKVideoPlayer_pause_big.png; sourceTree = "<group>"; };
		A9612EE61C42A86C001164E2 /* VKVideoPlayer_pause_big@2x.png */ = {isa = PBXFileReference; lastKnownFileType = image.png; path = "VKVideoPlayer_pause_big@2x.png"; sourceTree = "<group>"; };
		A9612EE71C42A86C001164E2 /* VKVideoPlayer_play.png */ = {isa = PBXFileReference; lastKnownFileType = image.png; path = VKVideoPlayer_play.png; sourceTree = "<group>"; };
		A9612EE81C42A86C001164E2 /* VKVideoPlayer_play@2x.png */ = {isa = PBXFileReference; lastKnownFileType = image.png; path = "VKVideoPlayer_play@2x.png"; sourceTree = "<group>"; };
		A9612EE91C42A86C001164E2 /* VKVideoPlayer_play_big.png */ = {isa = PBXFileReference; lastKnownFileType = image.png; path = VKVideoPlayer_play_big.png; sourceTree = "<group>"; };
		A9612EEA1C42A86C001164E2 /* VKVideoPlayer_play_big@2x.png */ = {isa = PBXFileReference; lastKnownFileType = image.png; path = "VKVideoPlayer_play_big@2x.png"; sourceTree = "<group>"; };
		A9612EEB1C42A86C001164E2 /* VKVideoPlayer_rewind.png */ = {isa = PBXFileReference; lastKnownFileType = image.png; path = VKVideoPlayer_rewind.png; sourceTree = "<group>"; };
		A9612EEC1C42A86C001164E2 /* VKVideoPlayer_rewind@2x.png */ = {isa = PBXFileReference; lastKnownFileType = image.png; path = "VKVideoPlayer_rewind@2x.png"; sourceTree = "<group>"; };
		A9612EED1C42A86C001164E2 /* VKVideoPlayer_zoom_in.png */ = {isa = PBXFileReference; lastKnownFileType = image.png; path = VKVideoPlayer_zoom_in.png; sourceTree = "<group>"; };
		A9612EEE1C42A86C001164E2 /* VKVideoPlayer_zoom_in@2x.png */ = {isa = PBXFileReference; lastKnownFileType = image.png; path = "VKVideoPlayer_zoom_in@2x.png"; sourceTree = "<group>"; };
		A9612EEF1C42A86C001164E2 /* VKVideoPlayer_zoom_out.png */ = {isa = PBXFileReference; lastKnownFileType = image.png; path = VKVideoPlayer_zoom_out.png; sourceTree = "<group>"; };
		A9612EF01C42A86C001164E2 /* VKVideoPlayer_zoom_out@2x.png */ = {isa = PBXFileReference; lastKnownFileType = image.png; path = "VKVideoPlayer_zoom_out@2x.png"; sourceTree = "<group>"; };
		A9612EF31C42A86C001164E2 /* fontawesome-webfont.ttf */ = {isa = PBXFileReference; lastKnownFileType = file; path = "fontawesome-webfont.ttf"; sourceTree = "<group>"; };
		A9612EF41C42A86C001164E2 /* NSString+FontAwesome.h */ = {isa = PBXFileReference; fileEncoding = 4; lastKnownFileType = sourcecode.c.h; path = "NSString+FontAwesome.h"; sourceTree = "<group>"; };
		A9612EF51C42A86C001164E2 /* NSString+FontAwesome.m */ = {isa = PBXFileReference; fileEncoding = 4; lastKnownFileType = sourcecode.c.objc; path = "NSString+FontAwesome.m"; sourceTree = "<group>"; };
		A9612EF61C42A86C001164E2 /* PPiFlatSegmentedControl.h */ = {isa = PBXFileReference; fileEncoding = 4; lastKnownFileType = sourcecode.c.h; path = PPiFlatSegmentedControl.h; sourceTree = "<group>"; };
		A9612EF71C42A86C001164E2 /* PPiFlatSegmentedControl.m */ = {isa = PBXFileReference; fileEncoding = 4; lastKnownFileType = sourcecode.c.objc; path = PPiFlatSegmentedControl.m; sourceTree = "<group>"; };
		A9612EF81C42A86C001164E2 /* PPiFlatSegmentItem.h */ = {isa = PBXFileReference; fileEncoding = 4; lastKnownFileType = sourcecode.c.h; path = PPiFlatSegmentItem.h; sourceTree = "<group>"; };
		A9612EF91C42A86C001164E2 /* PPiFlatSegmentItem.m */ = {isa = PBXFileReference; fileEncoding = 4; lastKnownFileType = sourcecode.c.objc; path = PPiFlatSegmentItem.m; sourceTree = "<group>"; };
		A9612EFA1C42A86C001164E2 /* UIAwesomeButton.h */ = {isa = PBXFileReference; fileEncoding = 4; lastKnownFileType = sourcecode.c.h; path = UIAwesomeButton.h; sourceTree = "<group>"; };
		A9612EFB1C42A86C001164E2 /* UIAwesomeButton.m */ = {isa = PBXFileReference; fileEncoding = 4; lastKnownFileType = sourcecode.c.objc; path = UIAwesomeButton.m; sourceTree = "<group>"; };
		A9612EFC1C42A86C001164E2 /* UIButton+PPiAwesome.h */ = {isa = PBXFileReference; fileEncoding = 4; lastKnownFileType = sourcecode.c.h; path = "UIButton+PPiAwesome.h"; sourceTree = "<group>"; };
		A9612EFD1C42A86C001164E2 /* UIButton+PPiAwesome.m */ = {isa = PBXFileReference; fileEncoding = 4; lastKnownFileType = sourcecode.c.objc; path = "UIButton+PPiAwesome.m"; sourceTree = "<group>"; };
		A9612EFF1C42A86C001164E2 /* BaseItemRenderer.swift */ = {isa = PBXFileReference; fileEncoding = 4; lastKnownFileType = sourcecode.swift; path = BaseItemRenderer.swift; sourceTree = "<group>"; };
		A9612F001C42A86C001164E2 /* BaseTableViewCell.swift */ = {isa = PBXFileReference; fileEncoding = 4; lastKnownFileType = sourcecode.swift; path = BaseTableViewCell.swift; sourceTree = "<group>"; };
		A9612F011C42A86C001164E2 /* BatchLoaderUtil.swift */ = {isa = PBXFileReference; fileEncoding = 4; lastKnownFileType = sourcecode.swift; path = BatchLoaderUtil.swift; sourceTree = "<group>"; };
		A9612F021C42A86C001164E2 /* CalculateUtils.swift */ = {isa = PBXFileReference; fileEncoding = 4; lastKnownFileType = sourcecode.swift; path = CalculateUtils.swift; sourceTree = "<group>"; };
		A9612F031C42A86C001164E2 /* CAPSPageMenu.swift */ = {isa = PBXFileReference; fileEncoding = 4; lastKnownFileType = sourcecode.swift; path = CAPSPageMenu.swift; sourceTree = "<group>"; };
		A9612F041C42A86C001164E2 /* CASectionPageMenu.swift */ = {isa = PBXFileReference; fileEncoding = 4; lastKnownFileType = sourcecode.swift; path = CASectionPageMenu.swift; sourceTree = "<group>"; };
		A9612F051C42A86C001164E2 /* ImageSlideView.swift */ = {isa = PBXFileReference; fileEncoding = 4; lastKnownFileType = sourcecode.swift; path = ImageSlideView.swift; sourceTree = "<group>"; };
		A9612F061C42A86C001164E2 /* TabViewController.swift */ = {isa = PBXFileReference; fileEncoding = 4; lastKnownFileType = sourcecode.swift; path = TabViewController.swift; sourceTree = "<group>"; };
		A9612F071C42A86C001164E2 /* Tempo.swift */ = {isa = PBXFileReference; fileEncoding = 4; lastKnownFileType = sourcecode.swift; path = Tempo.swift; sourceTree = "<group>"; };
		A9612F081C42A86C001164E2 /* UIArrowView.swift */ = {isa = PBXFileReference; fileEncoding = 4; lastKnownFileType = sourcecode.swift; path = UIArrowView.swift; sourceTree = "<group>"; };
		A9612F091C42A86C001164E2 /* UIColumnChart.swift */ = {isa = PBXFileReference; fileEncoding = 4; lastKnownFileType = sourcecode.swift; path = UIColumnChart.swift; sourceTree = "<group>"; };
		A9612F0A1C42A86C001164E2 /* UICreaterUtils.swift */ = {isa = PBXFileReference; fileEncoding = 4; lastKnownFileType = sourcecode.swift; path = UICreaterUtils.swift; sourceTree = "<group>"; };
		A9612F0B1C42A86C001164E2 /* UIFlatImageTabItem.swift */ = {isa = PBXFileReference; fileEncoding = 4; lastKnownFileType = sourcecode.swift; path = UIFlatImageTabItem.swift; sourceTree = "<group>"; };
		A9612F0C1C42A86C001164E2 /* UIGroupLineChart.swift */ = {isa = PBXFileReference; fileEncoding = 4; lastKnownFileType = sourcecode.swift; path = UIGroupLineChart.swift; sourceTree = "<group>"; };
		A9612F0D1C42A86C001164E2 /* UIViewExtension.swift */ = {isa = PBXFileReference; fileEncoding = 4; lastKnownFileType = sourcecode.swift; path = UIViewExtension.swift; sourceTree = "<group>"; };
		A9612F0F1C42A86C001164E2 /* DOFavoriteButton.swift */ = {isa = PBXFileReference; fileEncoding = 4; lastKnownFileType = sourcecode.swift; path = DOFavoriteButton.swift; sourceTree = "<group>"; };
		A9612F101C42A86C001164E2 /* heart.png */ = {isa = PBXFileReference; lastKnownFileType = image.png; path = heart.png; sourceTree = "<group>"; };
		A9612F111C42A86C001164E2 /* like.png */ = {isa = PBXFileReference; lastKnownFileType = image.png; path = like.png; sourceTree = "<group>"; };
		A9612F121C42A86C001164E2 /* smile.png */ = {isa = PBXFileReference; lastKnownFileType = image.png; path = smile.png; sourceTree = "<group>"; };
		A9612F131C42A86C001164E2 /* star.png */ = {isa = PBXFileReference; lastKnownFileType = image.png; path = star.png; sourceTree = "<group>"; };
		A9612F151C42A86C001164E2 /* FlatUIColors.swift */ = {isa = PBXFileReference; fileEncoding = 4; lastKnownFileType = sourcecode.swift; path = FlatUIColors.swift; sourceTree = "<group>"; };
		A9612F161C42A86C001164E2 /* HSL.swift */ = {isa = PBXFileReference; fileEncoding = 4; lastKnownFileType = sourcecode.swift; path = HSL.swift; sourceTree = "<group>"; };
		A9612F171C42A86C001164E2 /* UIColor.swift */ = {isa = PBXFileReference; fileEncoding = 4; lastKnownFileType = sourcecode.swift; path = UIColor.swift; sourceTree = "<group>"; };
		A9612F191C42A86C001164E2 /* UINavigationController+FDFullscreenPopGesture.h */ = {isa = PBXFileReference; fileEncoding = 4; lastKnownFileType = sourcecode.c.h; path = "UINavigationController+FDFullscreenPopGesture.h"; sourceTree = "<group>"; };
		A9612F1A1C42A86C001164E2 /* UINavigationController+FDFullscreenPopGesture.m */ = {isa = PBXFileReference; fileEncoding = 4; lastKnownFileType = sourcecode.c.objc; path = "UINavigationController+FDFullscreenPopGesture.m"; sourceTree = "<group>"; };
		A9612F1C1C42A86C001164E2 /* GoogleWearAlert.swift */ = {isa = PBXFileReference; fileEncoding = 4; lastKnownFileType = sourcecode.swift; path = GoogleWearAlert.swift; sourceTree = "<group>"; };
		A9612F1D1C42A86C001164E2 /* GoogleWearAlertView.swift */ = {isa = PBXFileReference; fileEncoding = 4; lastKnownFileType = sourcecode.swift; path = GoogleWearAlertView.swift; sourceTree = "<group>"; };
		A9612F1F1C42A86C001164E2 /* errorIcon@2x.png */ = {isa = PBXFileReference; lastKnownFileType = image.png; path = "errorIcon@2x.png"; sourceTree = "<group>"; };
		A9612F201C42A86C001164E2 /* messageIcon@2x.png */ = {isa = PBXFileReference; lastKnownFileType = image.png; path = "messageIcon@2x.png"; sourceTree = "<group>"; };
		A9612F211C42A86C001164E2 /* successIcon@2x.png */ = {isa = PBXFileReference; lastKnownFileType = image.png; path = "successIcon@2x.png"; sourceTree = "<group>"; };
		A9612F221C42A86C001164E2 /* warningIcon@2x.png */ = {isa = PBXFileReference; lastKnownFileType = image.png; path = "warningIcon@2x.png"; sourceTree = "<group>"; };
		A9612F241C42A86C001164E2 /* MMDrawerBarButtonItem.h */ = {isa = PBXFileReference; fileEncoding = 4; lastKnownFileType = sourcecode.c.h; path = MMDrawerBarButtonItem.h; sourceTree = "<group>"; };
		A9612F251C42A86C001164E2 /* MMDrawerBarButtonItem.m */ = {isa = PBXFileReference; fileEncoding = 4; lastKnownFileType = sourcecode.c.objc; path = MMDrawerBarButtonItem.m; sourceTree = "<group>"; };
		A9612F261C42A86C001164E2 /* MMDrawerController+Subclass.h */ = {isa = PBXFileReference; fileEncoding = 4; lastKnownFileType = sourcecode.c.h; path = "MMDrawerController+Subclass.h"; sourceTree = "<group>"; };
		A9612F271C42A86C001164E2 /* MMDrawerController.h */ = {isa = PBXFileReference; fileEncoding = 4; lastKnownFileType = sourcecode.c.h; path = MMDrawerController.h; sourceTree = "<group>"; };
		A9612F281C42A86C001164E2 /* MMDrawerController.m */ = {isa = PBXFileReference; fileEncoding = 4; lastKnownFileType = sourcecode.c.objc; path = MMDrawerController.m; sourceTree = "<group>"; };
		A9612F291C42A86C001164E2 /* MMDrawerVisualState.h */ = {isa = PBXFileReference; fileEncoding = 4; lastKnownFileType = sourcecode.c.h; path = MMDrawerVisualState.h; sourceTree = "<group>"; };
		A9612F2A1C42A86C001164E2 /* MMDrawerVisualState.m */ = {isa = PBXFileReference; fileEncoding = 4; lastKnownFileType = sourcecode.c.objc; path = MMDrawerVisualState.m; sourceTree = "<group>"; };
		A9612F2B1C42A86C001164E2 /* UIViewController+MMDrawerController.h */ = {isa = PBXFileReference; fileEncoding = 4; lastKnownFileType = sourcecode.c.h; path = "UIViewController+MMDrawerController.h"; sourceTree = "<group>"; };
		A9612F2C1C42A86C001164E2 /* UIViewController+MMDrawerController.m */ = {isa = PBXFileReference; fileEncoding = 4; lastKnownFileType = sourcecode.c.objc; path = "UIViewController+MMDrawerController.m"; sourceTree = "<group>"; };
		A9612F2E1C42A86C001164E2 /* arrow@2x.png */ = {isa = PBXFileReference; lastKnownFileType = image.png; path = "arrow@2x.png"; sourceTree = "<group>"; };
		A9612F2F1C42A86C001164E2 /* RefreshBaseView.swift */ = {isa = PBXFileReference; fileEncoding = 4; lastKnownFileType = sourcecode.swift; path = RefreshBaseView.swift; sourceTree = "<group>"; };
		A9612F301C42A86C001164E2 /* RefreshConst.swift */ = {isa = PBXFileReference; fileEncoding = 4; lastKnownFileType = sourcecode.swift; path = RefreshConst.swift; sourceTree = "<group>"; };
		A9612F311C42A86C001164E2 /* RefreshContainer.swift */ = {isa = PBXFileReference; fileEncoding = 4; lastKnownFileType = sourcecode.swift; path = RefreshContainer.swift; sourceTree = "<group>"; };
		A9612F321C42A86C001164E2 /* RefreshFooterView.swift */ = {isa = PBXFileReference; fileEncoding = 4; lastKnownFileType = sourcecode.swift; path = RefreshFooterView.swift; sourceTree = "<group>"; };
		A9612F331C42A86C001164E2 /* RefreshHeaderView.swift */ = {isa = PBXFileReference; fileEncoding = 4; lastKnownFileType = sourcecode.swift; path = RefreshHeaderView.swift; sourceTree = "<group>"; };
		A9612F341C42A86C001164E2 /* RefreshTableViewController.swift */ = {isa = PBXFileReference; fileEncoding = 4; lastKnownFileType = sourcecode.swift; path = RefreshTableViewController.swift; sourceTree = "<group>"; };
		A9612F361C42A86C001164E2 /* NSData+SDDataCache.h */ = {isa = PBXFileReference; fileEncoding = 4; lastKnownFileType = sourcecode.c.h; path = "NSData+SDDataCache.h"; sourceTree = "<group>"; };
		A9612F371C42A86C001164E2 /* NSData+SDDataCache.m */ = {isa = PBXFileReference; fileEncoding = 4; lastKnownFileType = sourcecode.c.objc; path = "NSData+SDDataCache.m"; sourceTree = "<group>"; };
		A9612F391C42A86C001164E2 /* TAAbstractDotView.h */ = {isa = PBXFileReference; fileEncoding = 4; lastKnownFileType = sourcecode.c.h; path = TAAbstractDotView.h; sourceTree = "<group>"; };
		A9612F3A1C42A86C001164E2 /* TAAbstractDotView.m */ = {isa = PBXFileReference; fileEncoding = 4; lastKnownFileType = sourcecode.c.objc; path = TAAbstractDotView.m; sourceTree = "<group>"; };
		A9612F3B1C42A86C001164E2 /* TAAnimatedDotView.h */ = {isa = PBXFileReference; fileEncoding = 4; lastKnownFileType = sourcecode.c.h; path = TAAnimatedDotView.h; sourceTree = "<group>"; };
		A9612F3C1C42A86C001164E2 /* TAAnimatedDotView.m */ = {isa = PBXFileReference; fileEncoding = 4; lastKnownFileType = sourcecode.c.objc; path = TAAnimatedDotView.m; sourceTree = "<group>"; };
		A9612F3D1C42A86C001164E2 /* TADotView.h */ = {isa = PBXFileReference; fileEncoding = 4; lastKnownFileType = sourcecode.c.h; path = TADotView.h; sourceTree = "<group>"; };
		A9612F3E1C42A86C001164E2 /* TADotView.m */ = {isa = PBXFileReference; fileEncoding = 4; lastKnownFileType = sourcecode.c.objc; path = TADotView.m; sourceTree = "<group>"; };
		A9612F3F1C42A86C001164E2 /* TAPageControl.h */ = {isa = PBXFileReference; fileEncoding = 4; lastKnownFileType = sourcecode.c.h; path = TAPageControl.h; sourceTree = "<group>"; };
		A9612F401C42A86C001164E2 /* TAPageControl.m */ = {isa = PBXFileReference; fileEncoding = 4; lastKnownFileType = sourcecode.c.objc; path = TAPageControl.m; sourceTree = "<group>"; };
		A9612F411C42A86C001164E2 /* SDCollectionViewCell.h */ = {isa = PBXFileReference; fileEncoding = 4; lastKnownFileType = sourcecode.c.h; path = SDCollectionViewCell.h; sourceTree = "<group>"; };
		A9612F421C42A86C001164E2 /* SDCollectionViewCell.m */ = {isa = PBXFileReference; fileEncoding = 4; lastKnownFileType = sourcecode.c.objc; path = SDCollectionViewCell.m; sourceTree = "<group>"; };
		A9612F431C42A86C001164E2 /* SDCycleScrollView.h */ = {isa = PBXFileReference; fileEncoding = 4; lastKnownFileType = sourcecode.c.h; path = SDCycleScrollView.h; sourceTree = "<group>"; };
		A9612F441C42A86C001164E2 /* SDCycleScrollView.m */ = {isa = PBXFileReference; fileEncoding = 4; lastKnownFileType = sourcecode.c.objc; path = SDCycleScrollView.m; sourceTree = "<group>"; };
		A9612F451C42A86C001164E2 /* UIView+SDExtension.h */ = {isa = PBXFileReference; fileEncoding = 4; lastKnownFileType = sourcecode.c.h; path = "UIView+SDExtension.h"; sourceTree = "<group>"; };
		A9612F461C42A86C001164E2 /* UIView+SDExtension.m */ = {isa = PBXFileReference; fileEncoding = 4; lastKnownFileType = sourcecode.c.objc; path = "UIView+SDExtension.m"; sourceTree = "<group>"; };
		A9612F481C42A86C001164E2 /* Constraint.swift */ = {isa = PBXFileReference; fileEncoding = 4; lastKnownFileType = sourcecode.swift; path = Constraint.swift; sourceTree = "<group>"; };
		A9612F491C42A86C001164E2 /* ConstraintAttributes.swift */ = {isa = PBXFileReference; fileEncoding = 4; lastKnownFileType = sourcecode.swift; path = ConstraintAttributes.swift; sourceTree = "<group>"; };
		A9612F4A1C42A86C001164E2 /* ConstraintDescription.swift */ = {isa = PBXFileReference; fileEncoding = 4; lastKnownFileType = sourcecode.swift; path = ConstraintDescription.swift; sourceTree = "<group>"; };
		A9612F4B1C42A86C001164E2 /* ConstraintItem.swift */ = {isa = PBXFileReference; fileEncoding = 4; lastKnownFileType = sourcecode.swift; path = ConstraintItem.swift; sourceTree = "<group>"; };
		A9612F4C1C42A86C001164E2 /* ConstraintMaker.swift */ = {isa = PBXFileReference; fileEncoding = 4; lastKnownFileType = sourcecode.swift; path = ConstraintMaker.swift; sourceTree = "<group>"; };
		A9612F4D1C42A86C001164E2 /* ConstraintRelation.swift */ = {isa = PBXFileReference; fileEncoding = 4; lastKnownFileType = sourcecode.swift; path = ConstraintRelation.swift; sourceTree = "<group>"; };
		A9612F4E1C42A86C001164E2 /* Debugging.swift */ = {isa = PBXFileReference; fileEncoding = 4; lastKnownFileType = sourcecode.swift; path = Debugging.swift; sourceTree = "<group>"; };
		A9612F4F1C42A86C001164E2 /* EdgeInsets.swift */ = {isa = PBXFileReference; fileEncoding = 4; lastKnownFileType = sourcecode.swift; path = EdgeInsets.swift; sourceTree = "<group>"; };
		A9612F501C42A86C001164E2 /* Info.plist */ = {isa = PBXFileReference; fileEncoding = 4; lastKnownFileType = text.plist.xml; path = Info.plist; sourceTree = "<group>"; };
		A9612F511C42A86C001164E2 /* LayoutConstraint.swift */ = {isa = PBXFileReference; fileEncoding = 4; lastKnownFileType = sourcecode.swift; path = LayoutConstraint.swift; sourceTree = "<group>"; };
		A9612F521C42A86C001164E2 /* SnapKit.h */ = {isa = PBXFileReference; fileEncoding = 4; lastKnownFileType = sourcecode.c.h; path = SnapKit.h; sourceTree = "<group>"; };
		A9612F531C42A86C001164E2 /* SnapKit.swift */ = {isa = PBXFileReference; fileEncoding = 4; lastKnownFileType = sourcecode.swift; path = SnapKit.swift; sourceTree = "<group>"; };
		A9612F541C42A86C001164E2 /* SourceLocation.swift */ = {isa = PBXFileReference; fileEncoding = 4; lastKnownFileType = sourcecode.swift; path = SourceLocation.swift; sourceTree = "<group>"; };
		A9612F551C42A86C001164E2 /* View+SnapKit.swift */ = {isa = PBXFileReference; fileEncoding = 4; lastKnownFileType = sourcecode.swift; path = "View+SnapKit.swift"; sourceTree = "<group>"; };
		A9612F561C42A86C001164E2 /* ViewController+SnapKit.swift */ = {isa = PBXFileReference; fileEncoding = 4; lastKnownFileType = sourcecode.swift; path = "ViewController+SnapKit.swift"; sourceTree = "<group>"; };
		A9612F581C42A86C001164E2 /* LBXPermissions.swift */ = {isa = PBXFileReference; fileEncoding = 4; lastKnownFileType = sourcecode.swift; path = LBXPermissions.swift; sourceTree = "<group>"; };
		A9612F591C42A86C001164E2 /* LBXScanLineAnimation.swift */ = {isa = PBXFileReference; fileEncoding = 4; lastKnownFileType = sourcecode.swift; path = LBXScanLineAnimation.swift; sourceTree = "<group>"; };
		A9612F5A1C42A86C001164E2 /* LBXScanNetAnimation.swift */ = {isa = PBXFileReference; fileEncoding = 4; lastKnownFileType = sourcecode.swift; path = LBXScanNetAnimation.swift; sourceTree = "<group>"; };
		A9612F5B1C42A86C001164E2 /* LBXScanView.swift */ = {isa = PBXFileReference; fileEncoding = 4; lastKnownFileType = sourcecode.swift; path = LBXScanView.swift; sourceTree = "<group>"; };
		A9612F5C1C42A86C001164E2 /* LBXScanViewController.swift */ = {isa = PBXFileReference; fileEncoding = 4; lastKnownFileType = sourcecode.swift; path = LBXScanViewController.swift; sourceTree = "<group>"; };
		A9612F5D1C42A86C001164E2 /* LBXScanViewStyle.swift */ = {isa = PBXFileReference; fileEncoding = 4; lastKnownFileType = sourcecode.swift; path = LBXScanViewStyle.swift; sourceTree = "<group>"; };
		A9612F5E1C42A86C001164E2 /* LBXScanWrapper.swift */ = {isa = PBXFileReference; fileEncoding = 4; lastKnownFileType = sourcecode.swift; path = LBXScanWrapper.swift; sourceTree = "<group>"; };
		A9612F611C42A86C001164E2 /* VideoView.swift */ = {isa = PBXFileReference; fileEncoding = 4; lastKnownFileType = sourcecode.swift; path = VideoView.swift; sourceTree = "<group>"; };
		A9612F631C42A86C001164E2 /* PlayerView.h */ = {isa = PBXFileReference; fileEncoding = 4; lastKnownFileType = sourcecode.c.h; path = PlayerView.h; sourceTree = "<group>"; };
		A9612F641C42A86C001164E2 /* PlayerView.m */ = {isa = PBXFileReference; fileEncoding = 4; lastKnownFileType = sourcecode.c.objc; path = PlayerView.m; sourceTree = "<group>"; };
		A9612F651C42A86C001164E2 /* ZXCustomControlView.h */ = {isa = PBXFileReference; fileEncoding = 4; lastKnownFileType = sourcecode.c.h; path = ZXCustomControlView.h; sourceTree = "<group>"; };
		A9612F661C42A86C001164E2 /* ZXCustomControlView.m */ = {isa = PBXFileReference; fileEncoding = 4; lastKnownFileType = sourcecode.c.objc; path = ZXCustomControlView.m; sourceTree = "<group>"; };
		A9612F671C42A86C001164E2 /* ZXCustomControlView.xib */ = {isa = PBXFileReference; fileEncoding = 4; lastKnownFileType = file.xib; path = ZXCustomControlView.xib; sourceTree = "<group>"; };
		A9612F681C42A86C001164E2 /* ZXVideoPlayerViewController.h */ = {isa = PBXFileReference; fileEncoding = 4; lastKnownFileType = sourcecode.c.h; path = ZXVideoPlayerViewController.h; sourceTree = "<group>"; };
		A9612F691C42A86C001164E2 /* ZXVideoPlayerViewController.m */ = {isa = PBXFileReference; fileEncoding = 4; lastKnownFileType = sourcecode.c.objc; path = ZXVideoPlayerViewController.m; sourceTree = "<group>"; };
		A9612F6A1C42A86C001164E2 /* ZXVideoView.h */ = {isa = PBXFileReference; fileEncoding = 4; lastKnownFileType = sourcecode.c.h; path = ZXVideoView.h; sourceTree = "<group>"; };
		A9612F6B1C42A86C001164E2 /* ZXVideoView.m */ = {isa = PBXFileReference; fileEncoding = 4; lastKnownFileType = sourcecode.c.objc; path = ZXVideoView.m; sourceTree = "<group>"; };
		A9612FD61C42A8B5001164E2 /* ViewController.swift */ = {isa = PBXFileReference; fileEncoding = 4; lastKnownFileType = sourcecode.swift; path = ViewController.swift; sourceTree = "<group>"; };
/* End PBXFileReference section */

/* Begin PBXFrameworksBuildPhase section */
		A9612EA11C42A7D2001164E2 /* Frameworks */ = {
			isa = PBXFrameworksBuildPhase;
			buildActionMask = 2147483647;
			files = (
			);
			runOnlyForDeploymentPostprocessing = 0;
		};
		A9612EB91C42A7D2001164E2 /* Frameworks */ = {
			isa = PBXFrameworksBuildPhase;
			buildActionMask = 2147483647;
			files = (
			);
			runOnlyForDeploymentPostprocessing = 0;
		};
/* End PBXFrameworksBuildPhase section */

/* Begin PBXGroup section */
		A9612E9B1C42A7D2001164E2 = {
			isa = PBXGroup;
			children = (
				A9612EA61C42A7D2001164E2 /* VideoApplication */,
				A9612EBF1C42A7D2001164E2 /* VideoApplicationTests */,
				A9612EA51C42A7D2001164E2 /* Products */,
			);
			sourceTree = "<group>";
		};
		A9612EA51C42A7D2001164E2 /* Products */ = {
			isa = PBXGroup;
			children = (
				A9612EA41C42A7D2001164E2 /* VideoApplication.app */,
				A9612EBC1C42A7D2001164E2 /* VideoApplicationTests.xctest */,
			);
			name = Products;
			sourceTree = "<group>";
		};
		A9612EA61C42A7D2001164E2 /* VideoApplication */ = {
			isa = PBXGroup;
			children = (
				A9612EDA1C42A86C001164E2 /* Assets */,
				A9612EF11C42A86C001164E2 /* orglibs */,
				A9612F621C42A86C001164E2 /* ZXVideo */,
				A9612ED81C42A86C001164E2 /* AppDelegate.swift */,
				A9612FD61C42A8B5001164E2 /* ViewController.swift */,
				A9612F611C42A86C001164E2 /* VideoView.swift */,
				A9612EAB1C42A7D2001164E2 /* VideoApplication.xcdatamodeld */,
				A9612EA71C42A7D2001164E2 /* Supporting Files */,
				A9612ECC1C42A824001164E2 /* VideoApplication-Bridging-Header.h */,
			);
			path = VideoApplication;
			sourceTree = "<group>";
		};
		A9612EA71C42A7D2001164E2 /* Supporting Files */ = {
			isa = PBXGroup;
			children = (
				A9612EA81C42A7D2001164E2 /* Info.plist */,
			);
			name = "Supporting Files";
			sourceTree = "<group>";
		};
		A9612EBF1C42A7D2001164E2 /* VideoApplicationTests */ = {
			isa = PBXGroup;
			children = (
				A9612EC21C42A7D2001164E2 /* VideoApplicationTests.swift */,
				A9612EC01C42A7D2001164E2 /* Supporting Files */,
			);
			path = VideoApplicationTests;
			sourceTree = "<group>";
		};
		A9612EC01C42A7D2001164E2 /* Supporting Files */ = {
			isa = PBXGroup;
			children = (
				A9612EC11C42A7D2001164E2 /* Info.plist */,
			);
			name = "Supporting Files";
			sourceTree = "<group>";
		};
		A9612EDA1C42A86C001164E2 /* Assets */ = {
			isa = PBXGroup;
			children = (
				A9612EDB1C42A86C001164E2 /* kr-video-player-point@2x.png */,
				A9612EDC1C42A86C001164E2 /* kr-video-player-point@3x.png */,
				A9612EDD1C42A86C001164E2 /* VKVideoPlayer_close.png */,
				A9612EDE1C42A86C001164E2 /* VKVideoPlayer_close@2x.png */,
				A9612EDF1C42A86C001164E2 /* VKVideoPlayer_cross.png */,
				A9612EE01C42A86C001164E2 /* VKVideoPlayer_cross@2x.png */,
				A9612EE11C42A86C001164E2 /* VKVideoPlayer_next.png */,
				A9612EE21C42A86C001164E2 /* VKVideoPlayer_next@2x.png */,
				A9612EE31C42A86C001164E2 /* VKVideoPlayer_pause.png */,
				A9612EE41C42A86C001164E2 /* VKVideoPlayer_pause@2x.png */,
				A9612EE51C42A86C001164E2 /* VKVideoPlayer_pause_big.png */,
				A9612EE61C42A86C001164E2 /* VKVideoPlayer_pause_big@2x.png */,
				A9612EE71C42A86C001164E2 /* VKVideoPlayer_play.png */,
				A9612EE81C42A86C001164E2 /* VKVideoPlayer_play@2x.png */,
				A9612EE91C42A86C001164E2 /* VKVideoPlayer_play_big.png */,
				A9612EEA1C42A86C001164E2 /* VKVideoPlayer_play_big@2x.png */,
				A9612EEB1C42A86C001164E2 /* VKVideoPlayer_rewind.png */,
				A9612EEC1C42A86C001164E2 /* VKVideoPlayer_rewind@2x.png */,
				A9612EED1C42A86C001164E2 /* VKVideoPlayer_zoom_in.png */,
				A9612EEE1C42A86C001164E2 /* VKVideoPlayer_zoom_in@2x.png */,
				A9612EEF1C42A86C001164E2 /* VKVideoPlayer_zoom_out.png */,
				A9612EF01C42A86C001164E2 /* VKVideoPlayer_zoom_out@2x.png */,
			);
			path = Assets;
			sourceTree = "<group>";
		};
		A9612EF11C42A86C001164E2 /* orglibs */ = {
			isa = PBXGroup;
			children = (
				A9612EF21C42A86C001164E2 /* Control */,
				A9612EFE1C42A86C001164E2 /* CoreLib */,
				A9612F0E1C42A86C001164E2 /* DOFavoriteButton */,
				A9612F141C42A86C001164E2 /* DynamicColor */,
				A9612F181C42A86C001164E2 /* FDFullscreenPopGesture */,
				A9612F1B1C42A86C001164E2 /* GoogleWearAlertView */,
				A9612F231C42A86C001164E2 /* MMDrawerController */,
				A9612F2D1C42A86C001164E2 /* Refresh */,
				A9612F351C42A86C001164E2 /* SDCycleScrollView */,
				A9612F471C42A86C001164E2 /* SnapKit */,
				A9612F571C42A86C001164E2 /* SwiftScanController */,
			);
			path = orglibs;
			sourceTree = "<group>";
		};
		A9612EF21C42A86C001164E2 /* Control */ = {
			isa = PBXGroup;
			children = (
				A9612EF31C42A86C001164E2 /* fontawesome-webfont.ttf */,
				A9612EF41C42A86C001164E2 /* NSString+FontAwesome.h */,
				A9612EF51C42A86C001164E2 /* NSString+FontAwesome.m */,
				A9612EF61C42A86C001164E2 /* PPiFlatSegmentedControl.h */,
				A9612EF71C42A86C001164E2 /* PPiFlatSegmentedControl.m */,
				A9612EF81C42A86C001164E2 /* PPiFlatSegmentItem.h */,
				A9612EF91C42A86C001164E2 /* PPiFlatSegmentItem.m */,
				A9612EFA1C42A86C001164E2 /* UIAwesomeButton.h */,
				A9612EFB1C42A86C001164E2 /* UIAwesomeButton.m */,
				A9612EFC1C42A86C001164E2 /* UIButton+PPiAwesome.h */,
				A9612EFD1C42A86C001164E2 /* UIButton+PPiAwesome.m */,
			);
			path = Control;
			sourceTree = "<group>";
		};
		A9612EFE1C42A86C001164E2 /* CoreLib */ = {
			isa = PBXGroup;
			children = (
				A9612EFF1C42A86C001164E2 /* BaseItemRenderer.swift */,
				A9612F001C42A86C001164E2 /* BaseTableViewCell.swift */,
				A9612F011C42A86C001164E2 /* BatchLoaderUtil.swift */,
				A9612F021C42A86C001164E2 /* CalculateUtils.swift */,
				A9612F031C42A86C001164E2 /* CAPSPageMenu.swift */,
				A9612F041C42A86C001164E2 /* CASectionPageMenu.swift */,
				A9612F051C42A86C001164E2 /* ImageSlideView.swift */,
				A9612F061C42A86C001164E2 /* TabViewController.swift */,
				A9612F071C42A86C001164E2 /* Tempo.swift */,
				A9612F081C42A86C001164E2 /* UIArrowView.swift */,
				A9612F091C42A86C001164E2 /* UIColumnChart.swift */,
				A9612F0A1C42A86C001164E2 /* UICreaterUtils.swift */,
				A9612F0B1C42A86C001164E2 /* UIFlatImageTabItem.swift */,
				A9612F0C1C42A86C001164E2 /* UIGroupLineChart.swift */,
				A9612F0D1C42A86C001164E2 /* UIViewExtension.swift */,
			);
			path = CoreLib;
			sourceTree = "<group>";
		};
		A9612F0E1C42A86C001164E2 /* DOFavoriteButton */ = {
			isa = PBXGroup;
			children = (
				A9612F0F1C42A86C001164E2 /* DOFavoriteButton.swift */,
				A9612F101C42A86C001164E2 /* heart.png */,
				A9612F111C42A86C001164E2 /* like.png */,
				A9612F121C42A86C001164E2 /* smile.png */,
				A9612F131C42A86C001164E2 /* star.png */,
			);
			path = DOFavoriteButton;
			sourceTree = "<group>";
		};
		A9612F141C42A86C001164E2 /* DynamicColor */ = {
			isa = PBXGroup;
			children = (
				A9612F151C42A86C001164E2 /* FlatUIColors.swift */,
				A9612F161C42A86C001164E2 /* HSL.swift */,
				A9612F171C42A86C001164E2 /* UIColor.swift */,
			);
			path = DynamicColor;
			sourceTree = "<group>";
		};
		A9612F181C42A86C001164E2 /* FDFullscreenPopGesture */ = {
			isa = PBXGroup;
			children = (
				A9612F191C42A86C001164E2 /* UINavigationController+FDFullscreenPopGesture.h */,
				A9612F1A1C42A86C001164E2 /* UINavigationController+FDFullscreenPopGesture.m */,
			);
			path = FDFullscreenPopGesture;
			sourceTree = "<group>";
		};
		A9612F1B1C42A86C001164E2 /* GoogleWearAlertView */ = {
			isa = PBXGroup;
			children = (
				A9612F1C1C42A86C001164E2 /* GoogleWearAlert.swift */,
				A9612F1D1C42A86C001164E2 /* GoogleWearAlertView.swift */,
				A9612F1E1C42A86C001164E2 /* Resources */,
			);
			path = GoogleWearAlertView;
			sourceTree = "<group>";
		};
		A9612F1E1C42A86C001164E2 /* Resources */ = {
			isa = PBXGroup;
			children = (
				A9612F1F1C42A86C001164E2 /* errorIcon@2x.png */,
				A9612F201C42A86C001164E2 /* messageIcon@2x.png */,
				A9612F211C42A86C001164E2 /* successIcon@2x.png */,
				A9612F221C42A86C001164E2 /* warningIcon@2x.png */,
			);
			path = Resources;
			sourceTree = "<group>";
		};
		A9612F231C42A86C001164E2 /* MMDrawerController */ = {
			isa = PBXGroup;
			children = (
				A9612F241C42A86C001164E2 /* MMDrawerBarButtonItem.h */,
				A9612F251C42A86C001164E2 /* MMDrawerBarButtonItem.m */,
				A9612F261C42A86C001164E2 /* MMDrawerController+Subclass.h */,
				A9612F271C42A86C001164E2 /* MMDrawerController.h */,
				A9612F281C42A86C001164E2 /* MMDrawerController.m */,
				A9612F291C42A86C001164E2 /* MMDrawerVisualState.h */,
				A9612F2A1C42A86C001164E2 /* MMDrawerVisualState.m */,
				A9612F2B1C42A86C001164E2 /* UIViewController+MMDrawerController.h */,
				A9612F2C1C42A86C001164E2 /* UIViewController+MMDrawerController.m */,
			);
			path = MMDrawerController;
			sourceTree = "<group>";
		};
		A9612F2D1C42A86C001164E2 /* Refresh */ = {
			isa = PBXGroup;
			children = (
				A9612F2E1C42A86C001164E2 /* arrow@2x.png */,
				A9612F2F1C42A86C001164E2 /* RefreshBaseView.swift */,
				A9612F301C42A86C001164E2 /* RefreshConst.swift */,
				A9612F311C42A86C001164E2 /* RefreshContainer.swift */,
				A9612F321C42A86C001164E2 /* RefreshFooterView.swift */,
				A9612F331C42A86C001164E2 /* RefreshHeaderView.swift */,
				A9612F341C42A86C001164E2 /* RefreshTableViewController.swift */,
			);
			path = Refresh;
			sourceTree = "<group>";
		};
		A9612F351C42A86C001164E2 /* SDCycleScrollView */ = {
			isa = PBXGroup;
			children = (
				A9612F361C42A86C001164E2 /* NSData+SDDataCache.h */,
				A9612F371C42A86C001164E2 /* NSData+SDDataCache.m */,
				A9612F381C42A86C001164E2 /* PageControl */,
				A9612F411C42A86C001164E2 /* SDCollectionViewCell.h */,
				A9612F421C42A86C001164E2 /* SDCollectionViewCell.m */,
				A9612F431C42A86C001164E2 /* SDCycleScrollView.h */,
				A9612F441C42A86C001164E2 /* SDCycleScrollView.m */,
				A9612F451C42A86C001164E2 /* UIView+SDExtension.h */,
				A9612F461C42A86C001164E2 /* UIView+SDExtension.m */,
			);
			path = SDCycleScrollView;
			sourceTree = "<group>";
		};
		A9612F381C42A86C001164E2 /* PageControl */ = {
			isa = PBXGroup;
			children = (
				A9612F391C42A86C001164E2 /* TAAbstractDotView.h */,
				A9612F3A1C42A86C001164E2 /* TAAbstractDotView.m */,
				A9612F3B1C42A86C001164E2 /* TAAnimatedDotView.h */,
				A9612F3C1C42A86C001164E2 /* TAAnimatedDotView.m */,
				A9612F3D1C42A86C001164E2 /* TADotView.h */,
				A9612F3E1C42A86C001164E2 /* TADotView.m */,
				A9612F3F1C42A86C001164E2 /* TAPageControl.h */,
				A9612F401C42A86C001164E2 /* TAPageControl.m */,
			);
			path = PageControl;
			sourceTree = "<group>";
		};
		A9612F471C42A86C001164E2 /* SnapKit */ = {
			isa = PBXGroup;
			children = (
				A9612F481C42A86C001164E2 /* Constraint.swift */,
				A9612F491C42A86C001164E2 /* ConstraintAttributes.swift */,
				A9612F4A1C42A86C001164E2 /* ConstraintDescription.swift */,
				A9612F4B1C42A86C001164E2 /* ConstraintItem.swift */,
				A9612F4C1C42A86C001164E2 /* ConstraintMaker.swift */,
				A9612F4D1C42A86C001164E2 /* ConstraintRelation.swift */,
				A9612F4E1C42A86C001164E2 /* Debugging.swift */,
				A9612F4F1C42A86C001164E2 /* EdgeInsets.swift */,
				A9612F501C42A86C001164E2 /* Info.plist */,
				A9612F511C42A86C001164E2 /* LayoutConstraint.swift */,
				A9612F521C42A86C001164E2 /* SnapKit.h */,
				A9612F531C42A86C001164E2 /* SnapKit.swift */,
				A9612F541C42A86C001164E2 /* SourceLocation.swift */,
				A9612F551C42A86C001164E2 /* View+SnapKit.swift */,
				A9612F561C42A86C001164E2 /* ViewController+SnapKit.swift */,
			);
			path = SnapKit;
			sourceTree = "<group>";
		};
		A9612F571C42A86C001164E2 /* SwiftScanController */ = {
			isa = PBXGroup;
			children = (
				A9612F581C42A86C001164E2 /* LBXPermissions.swift */,
				A9612F591C42A86C001164E2 /* LBXScanLineAnimation.swift */,
				A9612F5A1C42A86C001164E2 /* LBXScanNetAnimation.swift */,
				A9612F5B1C42A86C001164E2 /* LBXScanView.swift */,
				A9612F5C1C42A86C001164E2 /* LBXScanViewController.swift */,
				A9612F5D1C42A86C001164E2 /* LBXScanViewStyle.swift */,
				A9612F5E1C42A86C001164E2 /* LBXScanWrapper.swift */,
			);
			path = SwiftScanController;
			sourceTree = "<group>";
		};
		A9612F621C42A86C001164E2 /* ZXVideo */ = {
			isa = PBXGroup;
			children = (
				A9612F631C42A86C001164E2 /* PlayerView.h */,
				A9612F641C42A86C001164E2 /* PlayerView.m */,
				A9612F651C42A86C001164E2 /* ZXCustomControlView.h */,
				A9612F661C42A86C001164E2 /* ZXCustomControlView.m */,
				A9612F671C42A86C001164E2 /* ZXCustomControlView.xib */,
				A9612F681C42A86C001164E2 /* ZXVideoPlayerViewController.h */,
				A9612F691C42A86C001164E2 /* ZXVideoPlayerViewController.m */,
				A9612F6A1C42A86C001164E2 /* ZXVideoView.h */,
				A9612F6B1C42A86C001164E2 /* ZXVideoView.m */,
			);
			path = ZXVideo;
			sourceTree = "<group>";
		};
/* End PBXGroup section */

/* Begin PBXNativeTarget section */
		A9612EA31C42A7D2001164E2 /* VideoApplication */ = {
			isa = PBXNativeTarget;
			buildConfigurationList = A9612EC61C42A7D2001164E2 /* Build configuration list for PBXNativeTarget "VideoApplication" */;
			buildPhases = (
				A9612EA01C42A7D2001164E2 /* Sources */,
				A9612EA11C42A7D2001164E2 /* Frameworks */,
				A9612EA21C42A7D2001164E2 /* Resources */,
			);
			buildRules = (
			);
			dependencies = (
			);
			name = VideoApplication;
			productName = VideoApplication;
			productReference = A9612EA41C42A7D2001164E2 /* VideoApplication.app */;
			productType = "com.apple.product-type.application";
		};
		A9612EBB1C42A7D2001164E2 /* VideoApplicationTests */ = {
			isa = PBXNativeTarget;
			buildConfigurationList = A9612EC91C42A7D2001164E2 /* Build configuration list for PBXNativeTarget "VideoApplicationTests" */;
			buildPhases = (
				A9612EB81C42A7D2001164E2 /* Sources */,
				A9612EB91C42A7D2001164E2 /* Frameworks */,
				A9612EBA1C42A7D2001164E2 /* Resources */,
			);
			buildRules = (
			);
			dependencies = (
				A9612EBE1C42A7D2001164E2 /* PBXTargetDependency */,
			);
			name = VideoApplicationTests;
			productName = VideoApplicationTests;
			productReference = A9612EBC1C42A7D2001164E2 /* VideoApplicationTests.xctest */;
			productType = "com.apple.product-type.bundle.unit-test";
		};
/* End PBXNativeTarget section */

/* Begin PBXProject section */
		A9612E9C1C42A7D2001164E2 /* Project object */ = {
			isa = PBXProject;
			attributes = {
				LastUpgradeCheck = 0640;
				ORGANIZATIONNAME = "高扬";
				TargetAttributes = {
					A9612EA31C42A7D2001164E2 = {
						CreatedOnToolsVersion = 6.4;
					};
					A9612EBB1C42A7D2001164E2 = {
						CreatedOnToolsVersion = 6.4;
						TestTargetID = A9612EA31C42A7D2001164E2;
					};
				};
			};
			buildConfigurationList = A9612E9F1C42A7D2001164E2 /* Build configuration list for PBXProject "VideoApplication" */;
			compatibilityVersion = "Xcode 3.2";
			developmentRegion = English;
			hasScannedForEncodings = 0;
			knownRegions = (
				en,
				Base,
			);
			mainGroup = A9612E9B1C42A7D2001164E2;
			productRefGroup = A9612EA51C42A7D2001164E2 /* Products */;
			projectDirPath = "";
			projectRoot = "";
			targets = (
				A9612EA31C42A7D2001164E2 /* VideoApplication */,
				A9612EBB1C42A7D2001164E2 /* VideoApplicationTests */,
			);
		};
/* End PBXProject section */

/* Begin PBXResourcesBuildPhase section */
		A9612EA21C42A7D2001164E2 /* Resources */ = {
			isa = PBXResourcesBuildPhase;
			buildActionMask = 2147483647;
			files = (
				A9612F711C42A86C001164E2 /* VKVideoPlayer_cross.png in Resources */,
				A9612F7B1C42A86C001164E2 /* VKVideoPlayer_play_big.png in Resources */,
				A9612F9C1C42A86C001164E2 /* star.png in Resources */,
				A9612F741C42A86C001164E2 /* VKVideoPlayer_next@2x.png in Resources */,
				A9612F781C42A86C001164E2 /* VKVideoPlayer_pause_big@2x.png in Resources */,
				A9612F6E1C42A86C001164E2 /* kr-video-player-point@3x.png in Resources */,
				A9612F7C1C42A86C001164E2 /* VKVideoPlayer_play_big@2x.png in Resources */,
				A9612F9A1C42A86C001164E2 /* like.png in Resources */,
				A9612FC21C42A86C001164E2 /* Info.plist in Resources */,
				A9612F701C42A86C001164E2 /* VKVideoPlayer_close@2x.png in Resources */,
				A9612F831C42A86C001164E2 /* fontawesome-webfont.ttf in Resources */,
				A9612F7E1C42A86C001164E2 /* VKVideoPlayer_rewind@2x.png in Resources */,
				A9612F821C42A86C001164E2 /* VKVideoPlayer_zoom_out@2x.png in Resources */,
				A9612F801C42A86C001164E2 /* VKVideoPlayer_zoom_in@2x.png in Resources */,
				A9612F6D1C42A86C001164E2 /* kr-video-player-point@2x.png in Resources */,
				A9612FA61C42A86C001164E2 /* warningIcon@2x.png in Resources */,
				A9612F771C42A86C001164E2 /* VKVideoPlayer_pause_big.png in Resources */,
				A9612F751C42A86C001164E2 /* VKVideoPlayer_pause.png in Resources */,
				A9612FA31C42A86C001164E2 /* errorIcon@2x.png in Resources */,
				A9612F731C42A86C001164E2 /* VKVideoPlayer_next.png in Resources */,
				A9612F791C42A86C001164E2 /* VKVideoPlayer_play.png in Resources */,
				A9612FAB1C42A86C001164E2 /* arrow@2x.png in Resources */,
				A9612FA51C42A86C001164E2 /* successIcon@2x.png in Resources */,
				A9612F991C42A86C001164E2 /* heart.png in Resources */,
				A9612F811C42A86C001164E2 /* VKVideoPlayer_zoom_out.png in Resources */,
				A9612F7A1C42A86C001164E2 /* VKVideoPlayer_play@2x.png in Resources */,
				A9612F9B1C42A86C001164E2 /* smile.png in Resources */,
				A9612FD31C42A86C001164E2 /* ZXCustomControlView.xib in Resources */,
				A9612F761C42A86C001164E2 /* VKVideoPlayer_pause@2x.png in Resources */,
				A9612F7D1C42A86C001164E2 /* VKVideoPlayer_rewind.png in Resources */,
				A9612F7F1C42A86C001164E2 /* VKVideoPlayer_zoom_in.png in Resources */,
				A9612F6F1C42A86C001164E2 /* VKVideoPlayer_close.png in Resources */,
				A9612F721C42A86C001164E2 /* VKVideoPlayer_cross@2x.png in Resources */,
				A9612FA41C42A86C001164E2 /* messageIcon@2x.png in Resources */,
			);
			runOnlyForDeploymentPostprocessing = 0;
		};
		A9612EBA1C42A7D2001164E2 /* Resources */ = {
			isa = PBXResourcesBuildPhase;
			buildActionMask = 2147483647;
			files = (
			);
			runOnlyForDeploymentPostprocessing = 0;
		};
/* End PBXResourcesBuildPhase section */

/* Begin PBXSourcesBuildPhase section */
		A9612EA01C42A7D2001164E2 /* Sources */ = {
			isa = PBXSourcesBuildPhase;
			buildActionMask = 2147483647;
			files = (
				A9612FBA1C42A86C001164E2 /* Constraint.swift in Sources */,
				A9612FCE1C42A86C001164E2 /* LBXScanWrapper.swift in Sources */,
				A9612FAA1C42A86C001164E2 /* UIViewController+MMDrawerController.m in Sources */,
				A9612FD21C42A86C001164E2 /* ZXCustomControlView.m in Sources */,
				A9612FB01C42A86C001164E2 /* RefreshHeaderView.swift in Sources */,
				A9612FC61C42A86C001164E2 /* View+SnapKit.swift in Sources */,
				A9612FB91C42A86C001164E2 /* UIView+SDExtension.m in Sources */,
				A9612FD01C42A86C001164E2 /* VideoView.swift in Sources */,
				A9612FD71C42A8B5001164E2 /* ViewController.swift in Sources */,
				A9612FB31C42A86C001164E2 /* TAAbstractDotView.m in Sources */,
				A9612F961C42A86C001164E2 /* UIGroupLineChart.swift in Sources */,
				A9612F6C1C42A86C001164E2 /* AppDelegate.swift in Sources */,
				A9612FCD1C42A86C001164E2 /* LBXScanViewStyle.swift in Sources */,
				A9612F971C42A86C001164E2 /* UIViewExtension.swift in Sources */,
				A9612FA01C42A86C001164E2 /* UINavigationController+FDFullscreenPopGesture.m in Sources */,
				A9612FA91C42A86C001164E2 /* MMDrawerVisualState.m in Sources */,
				A9612FC01C42A86C001164E2 /* Debugging.swift in Sources */,
				A9612FB71C42A86C001164E2 /* SDCollectionViewCell.m in Sources */,
				A9612FC31C42A86C001164E2 /* LayoutConstraint.swift in Sources */,
				A9612FB41C42A86C001164E2 /* TAAnimatedDotView.m in Sources */,
				A9612FA11C42A86C001164E2 /* GoogleWearAlert.swift in Sources */,
				A9612FAD1C42A86C001164E2 /* RefreshConst.swift in Sources */,
				A9612F851C42A86C001164E2 /* PPiFlatSegmentedControl.m in Sources */,
				A9612FB21C42A86C001164E2 /* NSData+SDDataCache.m in Sources */,
				A9612FC81C42A86C001164E2 /* LBXPermissions.swift in Sources */,
				A9612FCC1C42A86C001164E2 /* LBXScanViewController.swift in Sources */,
				A9612FBB1C42A86C001164E2 /* ConstraintAttributes.swift in Sources */,
				A9612F9D1C42A86C001164E2 /* FlatUIColors.swift in Sources */,
				A9612FA71C42A86C001164E2 /* MMDrawerBarButtonItem.m in Sources */,
				A9612FBC1C42A86C001164E2 /* ConstraintDescription.swift in Sources */,
				A9612FC41C42A86C001164E2 /* SnapKit.swift in Sources */,
				A9612FD11C42A86C001164E2 /* PlayerView.m in Sources */,
				A9612FD51C42A86C001164E2 /* ZXVideoView.m in Sources */,
				A9612FBF1C42A86C001164E2 /* ConstraintRelation.swift in Sources */,
				A9612FBD1C42A86C001164E2 /* ConstraintItem.swift in Sources */,
				A9612F8D1C42A86C001164E2 /* CAPSPageMenu.swift in Sources */,
				A9612F901C42A86C001164E2 /* TabViewController.swift in Sources */,
				A9612FB61C42A86C001164E2 /* TAPageControl.m in Sources */,
				A9612F891C42A86C001164E2 /* BaseItemRenderer.swift in Sources */,
				A9612FAC1C42A86C001164E2 /* RefreshBaseView.swift in Sources */,
				A9612F8F1C42A86C001164E2 /* ImageSlideView.swift in Sources */,
				A9612F9F1C42A86C001164E2 /* UIColor.swift in Sources */,
				A9612FA21C42A86C001164E2 /* GoogleWearAlertView.swift in Sources */,
				A9612FB51C42A86C001164E2 /* TADotView.m in Sources */,
				A9612F941C42A86C001164E2 /* UICreaterUtils.swift in Sources */,
				A9612F931C42A86C001164E2 /* UIColumnChart.swift in Sources */,
				A9612FD41C42A86C001164E2 /* ZXVideoPlayerViewController.m in Sources */,
				A9612FB11C42A86C001164E2 /* RefreshTableViewController.swift in Sources */,
				A9612FAF1C42A86C001164E2 /* RefreshFooterView.swift in Sources */,
				A9612FCA1C42A86C001164E2 /* LBXScanNetAnimation.swift in Sources */,
				A9612F9E1C42A86C001164E2 /* HSL.swift in Sources */,
				A9612F881C42A86C001164E2 /* UIButton+PPiAwesome.m in Sources */,
				A9612FA81C42A86C001164E2 /* MMDrawerController.m in Sources */,
				A9612F951C42A86C001164E2 /* UIFlatImageTabItem.swift in Sources */,
				A9612FC71C42A86C001164E2 /* ViewController+SnapKit.swift in Sources */,
				A9612F8E1C42A86C001164E2 /* CASectionPageMenu.swift in Sources */,
				A9612FC51C42A86C001164E2 /* SourceLocation.swift in Sources */,
				A9612F8A1C42A86C001164E2 /* BaseTableViewCell.swift in Sources */,
				A9612EAD1C42A7D2001164E2 /* VideoApplication.xcdatamodeld in Sources */,
				A9612FCB1C42A86C001164E2 /* LBXScanView.swift in Sources */,
				A9612F8C1C42A86C001164E2 /* CalculateUtils.swift in Sources */,
				A9612F911C42A86C001164E2 /* Tempo.swift in Sources */,
				A9612F861C42A86C001164E2 /* PPiFlatSegmentItem.m in Sources */,
				A9612F921C42A86C001164E2 /* UIArrowView.swift in Sources */,
				A9612FC11C42A86C001164E2 /* EdgeInsets.swift in Sources */,
				A9612FAE1C42A86C001164E2 /* RefreshContainer.swift in Sources */,
				A9612FB81C42A86C001164E2 /* SDCycleScrollView.m in Sources */,
				A9612F981C42A86C001164E2 /* DOFavoriteButton.swift in Sources */,
				A9612F8B1C42A86C001164E2 /* BatchLoaderUtil.swift in Sources */,
				A9612FC91C42A86C001164E2 /* LBXScanLineAnimation.swift in Sources */,
				A9612FBE1C42A86C001164E2 /* ConstraintMaker.swift in Sources */,
				A9612F841C42A86C001164E2 /* NSString+FontAwesome.m in Sources */,
				A9612F871C42A86C001164E2 /* UIAwesomeButton.m in Sources */,
			);
			runOnlyForDeploymentPostprocessing = 0;
		};
		A9612EB81C42A7D2001164E2 /* Sources */ = {
			isa = PBXSourcesBuildPhase;
			buildActionMask = 2147483647;
			files = (
				A9612EC31C42A7D2001164E2 /* VideoApplicationTests.swift in Sources */,
			);
			runOnlyForDeploymentPostprocessing = 0;
		};
/* End PBXSourcesBuildPhase section */

/* Begin PBXTargetDependency section */
		A9612EBE1C42A7D2001164E2 /* PBXTargetDependency */ = {
			isa = PBXTargetDependency;
			target = A9612EA31C42A7D2001164E2 /* VideoApplication */;
			targetProxy = A9612EBD1C42A7D2001164E2 /* PBXContainerItemProxy */;
		};
/* End PBXTargetDependency section */

/* Begin XCBuildConfiguration section */
		A9612EC41C42A7D2001164E2 /* Debug */ = {
			isa = XCBuildConfiguration;
			buildSettings = {
				ALWAYS_SEARCH_USER_PATHS = NO;
				CLANG_CXX_LANGUAGE_STANDARD = "gnu++0x";
				CLANG_CXX_LIBRARY = "libc++";
				CLANG_ENABLE_MODULES = YES;
				CLANG_ENABLE_OBJC_ARC = YES;
				CLANG_WARN_BOOL_CONVERSION = YES;
				CLANG_WARN_CONSTANT_CONVERSION = YES;
				CLANG_WARN_DIRECT_OBJC_ISA_USAGE = YES_ERROR;
				CLANG_WARN_EMPTY_BODY = YES;
				CLANG_WARN_ENUM_CONVERSION = YES;
				CLANG_WARN_INT_CONVERSION = YES;
				CLANG_WARN_OBJC_ROOT_CLASS = YES_ERROR;
				CLANG_WARN_UNREACHABLE_CODE = YES;
				CLANG_WARN__DUPLICATE_METHOD_MATCH = YES;
				"CODE_SIGN_IDENTITY[sdk=iphoneos*]" = "iPhone Developer";
				COPY_PHASE_STRIP = NO;
				DEBUG_INFORMATION_FORMAT = "dwarf-with-dsym";
				ENABLE_STRICT_OBJC_MSGSEND = YES;
				GCC_C_LANGUAGE_STANDARD = gnu99;
				GCC_DYNAMIC_NO_PIC = NO;
				GCC_NO_COMMON_BLOCKS = YES;
				GCC_OPTIMIZATION_LEVEL = 0;
				GCC_PREPROCESSOR_DEFINITIONS = (
					"DEBUG=1",
					"$(inherited)",
				);
				GCC_SYMBOLS_PRIVATE_EXTERN = NO;
				GCC_WARN_64_TO_32_BIT_CONVERSION = YES;
				GCC_WARN_ABOUT_RETURN_TYPE = YES_ERROR;
				GCC_WARN_UNDECLARED_SELECTOR = YES;
				GCC_WARN_UNINITIALIZED_AUTOS = YES_AGGRESSIVE;
				GCC_WARN_UNUSED_FUNCTION = YES;
				GCC_WARN_UNUSED_VARIABLE = YES;
				IPHONEOS_DEPLOYMENT_TARGET = 8.0;
				MTL_ENABLE_DEBUG_INFO = YES;
				ONLY_ACTIVE_ARCH = YES;
				SDKROOT = iphoneos;
				"SWIFT_OBJC_BRIDGING_HEADER[arch=*]" = "VideoApplication/VideoApplication-Bridging-Header.h";
				SWIFT_OPTIMIZATION_LEVEL = "-Onone";
			};
			name = Debug;
		};
		A9612EC51C42A7D2001164E2 /* Release */ = {
			isa = XCBuildConfiguration;
			buildSettings = {
				ALWAYS_SEARCH_USER_PATHS = NO;
				CLANG_CXX_LANGUAGE_STANDARD = "gnu++0x";
				CLANG_CXX_LIBRARY = "libc++";
				CLANG_ENABLE_MODULES = YES;
				CLANG_ENABLE_OBJC_ARC = YES;
				CLANG_WARN_BOOL_CONVERSION = YES;
				CLANG_WARN_CONSTANT_CONVERSION = YES;
				CLANG_WARN_DIRECT_OBJC_ISA_USAGE = YES_ERROR;
				CLANG_WARN_EMPTY_BODY = YES;
				CLANG_WARN_ENUM_CONVERSION = YES;
				CLANG_WARN_INT_CONVERSION = YES;
				CLANG_WARN_OBJC_ROOT_CLASS = YES_ERROR;
				CLANG_WARN_UNREACHABLE_CODE = YES;
				CLANG_WARN__DUPLICATE_METHOD_MATCH = YES;
				"CODE_SIGN_IDENTITY[sdk=iphoneos*]" = "iPhone Developer";
				COPY_PHASE_STRIP = NO;
				DEBUG_INFORMATION_FORMAT = "dwarf-with-dsym";
				ENABLE_NS_ASSERTIONS = NO;
				ENABLE_STRICT_OBJC_MSGSEND = YES;
				GCC_C_LANGUAGE_STANDARD = gnu99;
				GCC_NO_COMMON_BLOCKS = YES;
				GCC_WARN_64_TO_32_BIT_CONVERSION = YES;
				GCC_WARN_ABOUT_RETURN_TYPE = YES_ERROR;
				GCC_WARN_UNDECLARED_SELECTOR = YES;
				GCC_WARN_UNINITIALIZED_AUTOS = YES_AGGRESSIVE;
				GCC_WARN_UNUSED_FUNCTION = YES;
				GCC_WARN_UNUSED_VARIABLE = YES;
				IPHONEOS_DEPLOYMENT_TARGET = 8.0;
				MTL_ENABLE_DEBUG_INFO = NO;
				SDKROOT = iphoneos;
				"SWIFT_OBJC_BRIDGING_HEADER[arch=*]" = "VideoApplication/VideoApplication-Bridging-Header.h";
				VALIDATE_PRODUCT = YES;
			};
			name = Release;
		};
		A9612EC71C42A7D2001164E2 /* Debug */ = {
			isa = XCBuildConfiguration;
			buildSettings = {
				ASSETCATALOG_COMPILER_APPICON_NAME = AppIcon;
				CLANG_ENABLE_MODULES = YES;
				INFOPLIST_FILE = VideoApplication/Info.plist;
				LD_RUNPATH_SEARCH_PATHS = "$(inherited) @executable_path/Frameworks";
				PRODUCT_NAME = "$(TARGET_NAME)";
				SWIFT_OBJC_BRIDGING_HEADER = "VideoApplication/VideoApplication-Bridging-Header.h";
				SWIFT_OPTIMIZATION_LEVEL = "-Onone";
			};
			name = Debug;
		};
		A9612EC81C42A7D2001164E2 /* Release */ = {
			isa = XCBuildConfiguration;
			buildSettings = {
				ASSETCATALOG_COMPILER_APPICON_NAME = AppIcon;
				CLANG_ENABLE_MODULES = YES;
				INFOPLIST_FILE = VideoApplication/Info.plist;
				LD_RUNPATH_SEARCH_PATHS = "$(inherited) @executable_path/Frameworks";
				PRODUCT_NAME = "$(TARGET_NAME)";
				SWIFT_OBJC_BRIDGING_HEADER = "VideoApplication/VideoApplication-Bridging-Header.h";
			};
			name = Release;
		};
		A9612ECA1C42A7D2001164E2 /* Debug */ = {
			isa = XCBuildConfiguration;
			buildSettings = {
				BUNDLE_LOADER = "$(TEST_HOST)";
				FRAMEWORK_SEARCH_PATHS = (
					"$(SDKROOT)/Developer/Library/Frameworks",
					"$(inherited)",
				);
				GCC_PREPROCESSOR_DEFINITIONS = (
					"DEBUG=1",
					"$(inherited)",
				);
				INFOPLIST_FILE = VideoApplicationTests/Info.plist;
				LD_RUNPATH_SEARCH_PATHS = "$(inherited) @executable_path/Frameworks @loader_path/Frameworks";
				PRODUCT_NAME = "$(TARGET_NAME)";
				TEST_HOST = "$(BUILT_PRODUCTS_DIR)/VideoApplication.app/VideoApplication";
			};
			name = Debug;
		};
		A9612ECB1C42A7D2001164E2 /* Release */ = {
			isa = XCBuildConfiguration;
			buildSettings = {
				BUNDLE_LOADER = "$(TEST_HOST)";
				FRAMEWORK_SEARCH_PATHS = (
					"$(SDKROOT)/Developer/Library/Frameworks",
					"$(inherited)",
				);
				INFOPLIST_FILE = VideoApplicationTests/Info.plist;
				LD_RUNPATH_SEARCH_PATHS = "$(inherited) @executable_path/Frameworks @loader_path/Frameworks";
				PRODUCT_NAME = "$(TARGET_NAME)";
				TEST_HOST = "$(BUILT_PRODUCTS_DIR)/VideoApplication.app/VideoApplication";
			};
			name = Release;
		};
/* End XCBuildConfiguration section */

/* Begin XCConfigurationList section */
		A9612E9F1C42A7D2001164E2 /* Build configuration list for PBXProject "VideoApplication" */ = {
			isa = XCConfigurationList;
			buildConfigurations = (
				A9612EC41C42A7D2001164E2 /* Debug */,
				A9612EC51C42A7D2001164E2 /* Release */,
			);
			defaultConfigurationIsVisible = 0;
			defaultConfigurationName = Release;
		};
		A9612EC61C42A7D2001164E2 /* Build configuration list for PBXNativeTarget "VideoApplication" */ = {
			isa = XCConfigurationList;
			buildConfigurations = (
				A9612EC71C42A7D2001164E2 /* Debug */,
				A9612EC81C42A7D2001164E2 /* Release */,
			);
			defaultConfigurationIsVisible = 0;
		};
		A9612EC91C42A7D2001164E2 /* Build configuration list for PBXNativeTarget "VideoApplicationTests" */ = {
			isa = XCConfigurationList;
			buildConfigurations = (
				A9612ECA1C42A7D2001164E2 /* Debug */,
				A9612ECB1C42A7D2001164E2 /* Release */,
			);
			defaultConfigurationIsVisible = 0;
		};
/* End XCConfigurationList section */

/* Begin XCVersionGroup section */
		A9612EAB1C42A7D2001164E2 /* VideoApplication.xcdatamodeld */ = {
			isa = XCVersionGroup;
			children = (
				A9612EAC1C42A7D2001164E2 /* VideoApplication.xcdatamodel */,
			);
			currentVersion = A9612EAC1C42A7D2001164E2 /* VideoApplication.xcdatamodel */;
			path = VideoApplication.xcdatamodeld;
			sourceTree = "<group>";
			versionGroupType = wrapper.xcdatamodel;
		};
/* End XCVersionGroup section */
	};
	rootObject = A9612E9C1C42A7D2001164E2 /* Project object */;
}
